// !$*UTF8*$!
{
	archiveVersion = 1;
	classes = {
	};
	objectVersion = 55;
	objects = {

/* Begin PBXBuildFile section */
		32143B6528D776B800B04819 /* SearchArticleRemoteDTO.swift in Sources */ = {isa = PBXBuildFile; fileRef = 32143B6428D776B800B04819 /* SearchArticleRemoteDTO.swift */; };
		32143B6A28D77FFC00B04819 /* SearchArticleRemoteDataSource.swift in Sources */ = {isa = PBXBuildFile; fileRef = 32143B6928D77FFC00B04819 /* SearchArticleRemoteDataSource.swift */; };
		32143B6C28D7800D00B04819 /* SearchArticleRemoteDataSourceProtocol.swift in Sources */ = {isa = PBXBuildFile; fileRef = 32143B6B28D7800D00B04819 /* SearchArticleRemoteDataSourceProtocol.swift */; };
		32143B6E28D780D700B04819 /* SearchArticleAPI.swift in Sources */ = {isa = PBXBuildFile; fileRef = 32143B6D28D780D700B04819 /* SearchArticleAPI.swift */; };
		32143B7428D787E000B04819 /* SearchArticleRepo.swift in Sources */ = {isa = PBXBuildFile; fileRef = 32143B7328D787E000B04819 /* SearchArticleRepo.swift */; };
		321CF21628D6327C006C68F7 /* FirebaseRemoteConfig in Frameworks */ = {isa = PBXBuildFile; productRef = 321CF21528D6327C006C68F7 /* FirebaseRemoteConfig */; };
		3220D3DE28CD2A4100DB4A9E /* MostPopularRemoteDTO.swift in Sources */ = {isa = PBXBuildFile; fileRef = 3220D3DD28CD2A4100DB4A9E /* MostPopularRemoteDTO.swift */; };
		3220D3E028CD2CE800DB4A9E /* MostPopularLocalDTO.swift in Sources */ = {isa = PBXBuildFile; fileRef = 3220D3DF28CD2CE800DB4A9E /* MostPopularLocalDTO.swift */; };
		3220D3E728CD328700DB4A9E /* MostPopularRemoteDataSourceProtocol.swift in Sources */ = {isa = PBXBuildFile; fileRef = 3220D3E628CD328700DB4A9E /* MostPopularRemoteDataSourceProtocol.swift */; };
		3220D3E928CD328F00DB4A9E /* MostPopularRemoteDataSource.swift in Sources */ = {isa = PBXBuildFile; fileRef = 3220D3E828CD328F00DB4A9E /* MostPopularRemoteDataSource.swift */; };
		3220D3EB28CD329D00DB4A9E /* MostPopularAPI.swift in Sources */ = {isa = PBXBuildFile; fileRef = 3220D3EA28CD329D00DB4A9E /* MostPopularAPI.swift */; };
		3220D3EF28CD345900DB4A9E /* MostPopularRepo.swift in Sources */ = {isa = PBXBuildFile; fileRef = 3220D3EE28CD345900DB4A9E /* MostPopularRepo.swift */; };
		3220D3F228CD34BF00DB4A9E /* MostPopularLocalDataSourceProtocol.swift in Sources */ = {isa = PBXBuildFile; fileRef = 3220D3F128CD34BF00DB4A9E /* MostPopularLocalDataSourceProtocol.swift */; };
		3220D3F428CD353600DB4A9E /* MostPopularLocalDataSource.swift in Sources */ = {isa = PBXBuildFile; fileRef = 3220D3F328CD353600DB4A9E /* MostPopularLocalDataSource.swift */; };
		3225E93F28CFC22F00747B5E /* Remote2Domain.swift in Sources */ = {isa = PBXBuildFile; fileRef = 3225E93E28CFC22F00747B5E /* Remote2Domain.swift */; };
		3225E94828CFC39400747B5E /* CommentBody.swift in Sources */ = {isa = PBXBuildFile; fileRef = 3225E94728CFC39400747B5E /* CommentBody.swift */; };
		3225E94C28CFC4B800747B5E /* CommentRepo.swift in Sources */ = {isa = PBXBuildFile; fileRef = 3225E94B28CFC4B800747B5E /* CommentRepo.swift */; };
		3225E94E28CFC53E00747B5E /* Domain2Remote.swift in Sources */ = {isa = PBXBuildFile; fileRef = 3225E94D28CFC53E00747B5E /* Domain2Remote.swift */; };
		32A791BC28B929D100CC94FE /* Data.docc in Sources */ = {isa = PBXBuildFile; fileRef = 32A791BB28B929D100CC94FE /* Data.docc */; };
		32A791C228B929D100CC94FE /* Data.framework in Frameworks */ = {isa = PBXBuildFile; fileRef = 32A791B728B929D100CC94FE /* Data.framework */; };
		32A791C728B929D100CC94FE /* DataTests.swift in Sources */ = {isa = PBXBuildFile; fileRef = 32A791C628B929D100CC94FE /* DataTests.swift */; };
		32A791C828B929D100CC94FE /* Data.h in Headers */ = {isa = PBXBuildFile; fileRef = 32A791BA28B929D100CC94FE /* Data.h */; settings = {ATTRIBUTES = (Public, ); }; };
		32A791DB28B92A7D00CC94FE /* DataAssembly.swift in Sources */ = {isa = PBXBuildFile; fileRef = 32A791DA28B92A7D00CC94FE /* DataAssembly.swift */; };
		32A791EB28B92BD000CC94FE /* AuthRemoteDataSourceProtocol.swift in Sources */ = {isa = PBXBuildFile; fileRef = 32A791EA28B92BD000CC94FE /* AuthRemoteDataSourceProtocol.swift */; };
		32A791EE28B92C5200CC94FE /* AuthRemoteDataSource.swift in Sources */ = {isa = PBXBuildFile; fileRef = 32A791ED28B92C5200CC94FE /* AuthRemoteDataSource.swift */; };
		32A791F028B92CA000CC94FE /* GoogleService-Info.plist in Resources */ = {isa = PBXBuildFile; fileRef = 32A791EF28B92CA000CC94FE /* GoogleService-Info.plist */; };
		32A791F328B92DB400CC94FE /* FirebaseAuth in Frameworks */ = {isa = PBXBuildFile; productRef = 32A791F228B92DB400CC94FE /* FirebaseAuth */; };
		32A791FA28B9363C00CC94FE /* FirebaseProviderProtocol.swift in Sources */ = {isa = PBXBuildFile; fileRef = 32A791F928B9363C00CC94FE /* FirebaseProviderProtocol.swift */; };
		32A791FC28B9364300CC94FE /* FirebaseProvider.swift in Sources */ = {isa = PBXBuildFile; fileRef = 32A791FB28B9364300CC94FE /* FirebaseProvider.swift */; };
		32A791FF28B9386400CC94FE /* DatabaseProviderProtocol.swift in Sources */ = {isa = PBXBuildFile; fileRef = 32A791FE28B9386400CC94FE /* DatabaseProviderProtocol.swift */; };
		32A7920228B9395200CC94FE /* Realm in Frameworks */ = {isa = PBXBuildFile; productRef = 32A7920128B9395200CC94FE /* Realm */; };
		32A7920428B9395200CC94FE /* RealmSwift in Frameworks */ = {isa = PBXBuildFile; productRef = 32A7920328B9395200CC94FE /* RealmSwift */; };
		32A7920928B93AFE00CC94FE /* DatabaseProvider.swift in Sources */ = {isa = PBXBuildFile; fileRef = 32A7920828B93AFE00CC94FE /* DatabaseProvider.swift */; };
		32A7920C28B93DBD00CC94FE /* Alamofire in Frameworks */ = {isa = PBXBuildFile; productRef = 32A7920B28B93DBD00CC94FE /* Alamofire */; };
		32A7921828B93E6600CC94FE /* KeychainAccess in Frameworks */ = {isa = PBXBuildFile; productRef = 32A7921728B93E6600CC94FE /* KeychainAccess */; };
		32A7921C28B93F5600CC94FE /* AuthRepo.swift in Sources */ = {isa = PBXBuildFile; fileRef = 32A7921B28B93F5600CC94FE /* AuthRepo.swift */; };
		32A7926C28B9441500CC94FE /* Domain.framework in Frameworks */ = {isa = PBXBuildFile; fileRef = 32A7926B28B9441500CC94FE /* Domain.framework */; };
		32A7926D28B9441500CC94FE /* Domain.framework in Embed Frameworks */ = {isa = PBXBuildFile; fileRef = 32A7926B28B9441500CC94FE /* Domain.framework */; settings = {ATTRIBUTES = (CodeSignOnCopy, RemoveHeadersOnCopy, ); }; };
		32A792BD28B9487800CC94FE /* NetworkProviderProtocol.swift in Sources */ = {isa = PBXBuildFile; fileRef = 32A792BC28B9487800CC94FE /* NetworkProviderProtocol.swift */; };
		32A792BF28B9487B00CC94FE /* NetworkProvider.swift in Sources */ = {isa = PBXBuildFile; fileRef = 32A792BE28B9487B00CC94FE /* NetworkProvider.swift */; };
		32A792C128B94A2400CC94FE /* Logger.swift in Sources */ = {isa = PBXBuildFile; fileRef = 32A792C028B94A2400CC94FE /* Logger.swift */; };
		32E0F11828CE76F900C8986A /* FirebaseFirestore in Frameworks */ = {isa = PBXBuildFile; productRef = 32E0F11728CE76F900C8986A /* FirebaseFirestore */; };
		32E0F11A28CE7B5C00C8986A /* CommentRemoteDTO.swift in Sources */ = {isa = PBXBuildFile; fileRef = 32E0F11928CE7B5C00C8986A /* CommentRemoteDTO.swift */; };
		32E0F11C28CE7E1B00C8986A /* FirestoreObject.swift in Sources */ = {isa = PBXBuildFile; fileRef = 32E0F11B28CE7E1B00C8986A /* FirestoreObject.swift */; };
		32E0F13428CFB04E00C8986A /* CommentRemoteDataSource.swift in Sources */ = {isa = PBXBuildFile; fileRef = 32E0F13328CFB04E00C8986A /* CommentRemoteDataSource.swift */; };
		32E0F13628CFB07500C8986A /* CommentRemoteDataSourceProtocol.swift in Sources */ = {isa = PBXBuildFile; fileRef = 32E0F13528CFB07500C8986A /* CommentRemoteDataSourceProtocol.swift */; };
		32FADE0528BD458700A3FD5D /* DataKeys.swift in Sources */ = {isa = PBXBuildFile; fileRef = 32FADE0428BD458700A3FD5D /* DataKeys.swift */; };
		32FADE0828BD467400A3FD5D /* AuthLocalDataSource.swift in Sources */ = {isa = PBXBuildFile; fileRef = 32FADE0728BD467400A3FD5D /* AuthLocalDataSource.swift */; };
		32FADE0A28BD468C00A3FD5D /* AuthLocalDataSourceProtocol.swift in Sources */ = {isa = PBXBuildFile; fileRef = 32FADE0928BD468C00A3FD5D /* AuthLocalDataSourceProtocol.swift */; };
		32FADE2C28BFBA3200A3FD5D /* BaseRemoteDTO.swift in Sources */ = {isa = PBXBuildFile; fileRef = 32FADE2B28BFBA3200A3FD5D /* BaseRemoteDTO.swift */; };
		32FADE2E28BFBB1C00A3FD5D /* TopStoriesRemoteDTO.swift in Sources */ = {isa = PBXBuildFile; fileRef = 32FADE2D28BFBB1C00A3FD5D /* TopStoriesRemoteDTO.swift */; };
		32FADE3128BFC41A00A3FD5D /* TopStoriesRemoteDataSourceProtocol.swift in Sources */ = {isa = PBXBuildFile; fileRef = 32FADE3028BFC41A00A3FD5D /* TopStoriesRemoteDataSourceProtocol.swift */; };
		32FADE3328BFC45100A3FD5D /* TopStoriesRemoteDataSource.swift in Sources */ = {isa = PBXBuildFile; fileRef = 32FADE3228BFC45100A3FD5D /* TopStoriesRemoteDataSource.swift */; };
		32FADE3628BFC50B00A3FD5D /* TopStoriesAPI.swift in Sources */ = {isa = PBXBuildFile; fileRef = 32FADE3528BFC50B00A3FD5D /* TopStoriesAPI.swift */; };
		32FADE3A28BFCB6900A3FD5D /* TopStoriesLocalDataSourceProtocol.swift in Sources */ = {isa = PBXBuildFile; fileRef = 32FADE3928BFCB6900A3FD5D /* TopStoriesLocalDataSourceProtocol.swift */; };
		32FADE3C28C006C600A3FD5D /* TopStoriesLocalDTO.swift in Sources */ = {isa = PBXBuildFile; fileRef = 32FADE3B28C006C600A3FD5D /* TopStoriesLocalDTO.swift */; };
		32FADE3E28C009BF00A3FD5D /* TopStoriesLocalDataSource.swift in Sources */ = {isa = PBXBuildFile; fileRef = 32FADE3D28C009BF00A3FD5D /* TopStoriesLocalDataSource.swift */; };
		32FADE4028C00C9F00A3FD5D /* TopStoriesRepo.swift in Sources */ = {isa = PBXBuildFile; fileRef = 32FADE3F28C00C9F00A3FD5D /* TopStoriesRepo.swift */; };
		32FADE4328C00EAD00A3FD5D /* Remote2Local.swift in Sources */ = {isa = PBXBuildFile; fileRef = 32FADE4228C00EAD00A3FD5D /* Remote2Local.swift */; };
		32FADE4728C13CA400A3FD5D /* Local2Domain.swift in Sources */ = {isa = PBXBuildFile; fileRef = 32FADE4628C13CA400A3FD5D /* Local2Domain.swift */; };
		32FADE5028C296AE00A3FD5D /* LogAdapter.swift in Sources */ = {isa = PBXBuildFile; fileRef = 32FADE4F28C296AD00A3FD5D /* LogAdapter.swift */; };
/* End PBXBuildFile section */

/* Begin PBXContainerItemProxy section */
		32A791C328B929D100CC94FE /* PBXContainerItemProxy */ = {
			isa = PBXContainerItemProxy;
			containerPortal = 32A791AE28B929D100CC94FE /* Project object */;
			proxyType = 1;
			remoteGlobalIDString = 32A791B628B929D100CC94FE;
			remoteInfo = Data;
		};
/* End PBXContainerItemProxy section */

/* Begin PBXCopyFilesBuildPhase section */
		32A7926E28B9441500CC94FE /* Embed Frameworks */ = {
			isa = PBXCopyFilesBuildPhase;
			buildActionMask = 2147483647;
			dstPath = "";
			dstSubfolderSpec = 10;
			files = (
				32A7926D28B9441500CC94FE /* Domain.framework in Embed Frameworks */,
			);
			name = "Embed Frameworks";
			runOnlyForDeploymentPostprocessing = 0;
		};
/* End PBXCopyFilesBuildPhase section */

/* Begin PBXFileReference section */
		32143B6428D776B800B04819 /* SearchArticleRemoteDTO.swift */ = {isa = PBXFileReference; lastKnownFileType = sourcecode.swift; path = SearchArticleRemoteDTO.swift; sourceTree = "<group>"; };
		32143B6928D77FFC00B04819 /* SearchArticleRemoteDataSource.swift */ = {isa = PBXFileReference; lastKnownFileType = sourcecode.swift; path = SearchArticleRemoteDataSource.swift; sourceTree = "<group>"; };
		32143B6B28D7800D00B04819 /* SearchArticleRemoteDataSourceProtocol.swift */ = {isa = PBXFileReference; lastKnownFileType = sourcecode.swift; path = SearchArticleRemoteDataSourceProtocol.swift; sourceTree = "<group>"; };
		32143B6D28D780D700B04819 /* SearchArticleAPI.swift */ = {isa = PBXFileReference; lastKnownFileType = sourcecode.swift; path = SearchArticleAPI.swift; sourceTree = "<group>"; };
		32143B7328D787E000B04819 /* SearchArticleRepo.swift */ = {isa = PBXFileReference; lastKnownFileType = sourcecode.swift; path = SearchArticleRepo.swift; sourceTree = "<group>"; };
		3220D3DD28CD2A4100DB4A9E /* MostPopularRemoteDTO.swift */ = {isa = PBXFileReference; lastKnownFileType = sourcecode.swift; path = MostPopularRemoteDTO.swift; sourceTree = "<group>"; };
		3220D3DF28CD2CE800DB4A9E /* MostPopularLocalDTO.swift */ = {isa = PBXFileReference; lastKnownFileType = sourcecode.swift; path = MostPopularLocalDTO.swift; sourceTree = "<group>"; };
		3220D3E628CD328700DB4A9E /* MostPopularRemoteDataSourceProtocol.swift */ = {isa = PBXFileReference; lastKnownFileType = sourcecode.swift; path = MostPopularRemoteDataSourceProtocol.swift; sourceTree = "<group>"; };
		3220D3E828CD328F00DB4A9E /* MostPopularRemoteDataSource.swift */ = {isa = PBXFileReference; lastKnownFileType = sourcecode.swift; path = MostPopularRemoteDataSource.swift; sourceTree = "<group>"; };
		3220D3EA28CD329D00DB4A9E /* MostPopularAPI.swift */ = {isa = PBXFileReference; lastKnownFileType = sourcecode.swift; path = MostPopularAPI.swift; sourceTree = "<group>"; };
		3220D3EE28CD345900DB4A9E /* MostPopularRepo.swift */ = {isa = PBXFileReference; lastKnownFileType = sourcecode.swift; path = MostPopularRepo.swift; sourceTree = "<group>"; };
		3220D3F128CD34BF00DB4A9E /* MostPopularLocalDataSourceProtocol.swift */ = {isa = PBXFileReference; lastKnownFileType = sourcecode.swift; path = MostPopularLocalDataSourceProtocol.swift; sourceTree = "<group>"; };
		3220D3F328CD353600DB4A9E /* MostPopularLocalDataSource.swift */ = {isa = PBXFileReference; lastKnownFileType = sourcecode.swift; path = MostPopularLocalDataSource.swift; sourceTree = "<group>"; };
		3225E93E28CFC22F00747B5E /* Remote2Domain.swift */ = {isa = PBXFileReference; lastKnownFileType = sourcecode.swift; path = Remote2Domain.swift; sourceTree = "<group>"; };
		3225E94728CFC39400747B5E /* CommentBody.swift */ = {isa = PBXFileReference; lastKnownFileType = sourcecode.swift; path = CommentBody.swift; sourceTree = "<group>"; };
		3225E94B28CFC4B800747B5E /* CommentRepo.swift */ = {isa = PBXFileReference; lastKnownFileType = sourcecode.swift; path = CommentRepo.swift; sourceTree = "<group>"; };
		3225E94D28CFC53E00747B5E /* Domain2Remote.swift */ = {isa = PBXFileReference; lastKnownFileType = sourcecode.swift; path = Domain2Remote.swift; sourceTree = "<group>"; };
		32A791B728B929D100CC94FE /* Data.framework */ = {isa = PBXFileReference; explicitFileType = wrapper.framework; includeInIndex = 0; path = Data.framework; sourceTree = BUILT_PRODUCTS_DIR; };
		32A791BA28B929D100CC94FE /* Data.h */ = {isa = PBXFileReference; lastKnownFileType = sourcecode.c.h; path = Data.h; sourceTree = "<group>"; };
		32A791BB28B929D100CC94FE /* Data.docc */ = {isa = PBXFileReference; lastKnownFileType = folder.documentationcatalog; path = Data.docc; sourceTree = "<group>"; };
		32A791C128B929D100CC94FE /* DataTests.xctest */ = {isa = PBXFileReference; explicitFileType = wrapper.cfbundle; includeInIndex = 0; path = DataTests.xctest; sourceTree = BUILT_PRODUCTS_DIR; };
		32A791C628B929D100CC94FE /* DataTests.swift */ = {isa = PBXFileReference; lastKnownFileType = sourcecode.swift; path = DataTests.swift; sourceTree = "<group>"; };
		32A791DA28B92A7D00CC94FE /* DataAssembly.swift */ = {isa = PBXFileReference; lastKnownFileType = sourcecode.swift; path = DataAssembly.swift; sourceTree = "<group>"; };
		32A791EA28B92BD000CC94FE /* AuthRemoteDataSourceProtocol.swift */ = {isa = PBXFileReference; lastKnownFileType = sourcecode.swift; path = AuthRemoteDataSourceProtocol.swift; sourceTree = "<group>"; };
		32A791ED28B92C5200CC94FE /* AuthRemoteDataSource.swift */ = {isa = PBXFileReference; lastKnownFileType = sourcecode.swift; path = AuthRemoteDataSource.swift; sourceTree = "<group>"; };
		32A791EF28B92CA000CC94FE /* GoogleService-Info.plist */ = {isa = PBXFileReference; lastKnownFileType = text.plist.xml; path = "GoogleService-Info.plist"; sourceTree = "<group>"; };
		32A791F928B9363C00CC94FE /* FirebaseProviderProtocol.swift */ = {isa = PBXFileReference; lastKnownFileType = sourcecode.swift; path = FirebaseProviderProtocol.swift; sourceTree = "<group>"; };
		32A791FB28B9364300CC94FE /* FirebaseProvider.swift */ = {isa = PBXFileReference; lastKnownFileType = sourcecode.swift; path = FirebaseProvider.swift; sourceTree = "<group>"; };
		32A791FE28B9386400CC94FE /* DatabaseProviderProtocol.swift */ = {isa = PBXFileReference; lastKnownFileType = sourcecode.swift; path = DatabaseProviderProtocol.swift; sourceTree = "<group>"; };
		32A7920828B93AFE00CC94FE /* DatabaseProvider.swift */ = {isa = PBXFileReference; lastKnownFileType = sourcecode.swift; path = DatabaseProvider.swift; sourceTree = "<group>"; };
		32A7921B28B93F5600CC94FE /* AuthRepo.swift */ = {isa = PBXFileReference; lastKnownFileType = sourcecode.swift; path = AuthRepo.swift; sourceTree = "<group>"; };
		32A7926B28B9441500CC94FE /* Domain.framework */ = {isa = PBXFileReference; explicitFileType = wrapper.framework; path = Domain.framework; sourceTree = BUILT_PRODUCTS_DIR; };
		32A792BC28B9487800CC94FE /* NetworkProviderProtocol.swift */ = {isa = PBXFileReference; lastKnownFileType = sourcecode.swift; path = NetworkProviderProtocol.swift; sourceTree = "<group>"; };
		32A792BE28B9487B00CC94FE /* NetworkProvider.swift */ = {isa = PBXFileReference; lastKnownFileType = sourcecode.swift; path = NetworkProvider.swift; sourceTree = "<group>"; };
		32A792C028B94A2400CC94FE /* Logger.swift */ = {isa = PBXFileReference; lastKnownFileType = sourcecode.swift; path = Logger.swift; sourceTree = "<group>"; };
		32E0F11928CE7B5C00C8986A /* CommentRemoteDTO.swift */ = {isa = PBXFileReference; lastKnownFileType = sourcecode.swift; path = CommentRemoteDTO.swift; sourceTree = "<group>"; };
		32E0F11B28CE7E1B00C8986A /* FirestoreObject.swift */ = {isa = PBXFileReference; lastKnownFileType = sourcecode.swift; path = FirestoreObject.swift; sourceTree = "<group>"; };
		32E0F13328CFB04E00C8986A /* CommentRemoteDataSource.swift */ = {isa = PBXFileReference; lastKnownFileType = sourcecode.swift; path = CommentRemoteDataSource.swift; sourceTree = "<group>"; };
		32E0F13528CFB07500C8986A /* CommentRemoteDataSourceProtocol.swift */ = {isa = PBXFileReference; lastKnownFileType = sourcecode.swift; path = CommentRemoteDataSourceProtocol.swift; sourceTree = "<group>"; };
		32FADE0428BD458700A3FD5D /* DataKeys.swift */ = {isa = PBXFileReference; lastKnownFileType = sourcecode.swift; path = DataKeys.swift; sourceTree = "<group>"; };
		32FADE0728BD467400A3FD5D /* AuthLocalDataSource.swift */ = {isa = PBXFileReference; lastKnownFileType = sourcecode.swift; path = AuthLocalDataSource.swift; sourceTree = "<group>"; };
		32FADE0928BD468C00A3FD5D /* AuthLocalDataSourceProtocol.swift */ = {isa = PBXFileReference; lastKnownFileType = sourcecode.swift; path = AuthLocalDataSourceProtocol.swift; sourceTree = "<group>"; };
		32FADE2B28BFBA3200A3FD5D /* BaseRemoteDTO.swift */ = {isa = PBXFileReference; lastKnownFileType = sourcecode.swift; path = BaseRemoteDTO.swift; sourceTree = "<group>"; };
		32FADE2D28BFBB1C00A3FD5D /* TopStoriesRemoteDTO.swift */ = {isa = PBXFileReference; lastKnownFileType = sourcecode.swift; path = TopStoriesRemoteDTO.swift; sourceTree = "<group>"; };
		32FADE3028BFC41A00A3FD5D /* TopStoriesRemoteDataSourceProtocol.swift */ = {isa = PBXFileReference; lastKnownFileType = sourcecode.swift; path = TopStoriesRemoteDataSourceProtocol.swift; sourceTree = "<group>"; };
		32FADE3228BFC45100A3FD5D /* TopStoriesRemoteDataSource.swift */ = {isa = PBXFileReference; lastKnownFileType = sourcecode.swift; path = TopStoriesRemoteDataSource.swift; sourceTree = "<group>"; };
		32FADE3528BFC50B00A3FD5D /* TopStoriesAPI.swift */ = {isa = PBXFileReference; lastKnownFileType = sourcecode.swift; path = TopStoriesAPI.swift; sourceTree = "<group>"; };
		32FADE3928BFCB6900A3FD5D /* TopStoriesLocalDataSourceProtocol.swift */ = {isa = PBXFileReference; lastKnownFileType = sourcecode.swift; path = TopStoriesLocalDataSourceProtocol.swift; sourceTree = "<group>"; };
		32FADE3B28C006C600A3FD5D /* TopStoriesLocalDTO.swift */ = {isa = PBXFileReference; lastKnownFileType = sourcecode.swift; path = TopStoriesLocalDTO.swift; sourceTree = "<group>"; };
		32FADE3D28C009BF00A3FD5D /* TopStoriesLocalDataSource.swift */ = {isa = PBXFileReference; lastKnownFileType = sourcecode.swift; path = TopStoriesLocalDataSource.swift; sourceTree = "<group>"; };
		32FADE3F28C00C9F00A3FD5D /* TopStoriesRepo.swift */ = {isa = PBXFileReference; lastKnownFileType = sourcecode.swift; path = TopStoriesRepo.swift; sourceTree = "<group>"; };
		32FADE4228C00EAD00A3FD5D /* Remote2Local.swift */ = {isa = PBXFileReference; lastKnownFileType = sourcecode.swift; path = Remote2Local.swift; sourceTree = "<group>"; };
		32FADE4628C13CA400A3FD5D /* Local2Domain.swift */ = {isa = PBXFileReference; lastKnownFileType = sourcecode.swift; path = Local2Domain.swift; sourceTree = "<group>"; };
		32FADE4F28C296AD00A3FD5D /* LogAdapter.swift */ = {isa = PBXFileReference; lastKnownFileType = sourcecode.swift; path = LogAdapter.swift; sourceTree = "<group>"; };
/* End PBXFileReference section */

/* Begin PBXFrameworksBuildPhase section */
		32A791B428B929D100CC94FE /* Frameworks */ = {
			isa = PBXFrameworksBuildPhase;
			buildActionMask = 2147483647;
			files = (
				32A7920C28B93DBD00CC94FE /* Alamofire in Frameworks */,
				32A7920428B9395200CC94FE /* RealmSwift in Frameworks */,
				32A7921828B93E6600CC94FE /* KeychainAccess in Frameworks */,
				32A7926C28B9441500CC94FE /* Domain.framework in Frameworks */,
				32A7920228B9395200CC94FE /* Realm in Frameworks */,
				32A791F328B92DB400CC94FE /* FirebaseAuth in Frameworks */,
				32E0F11828CE76F900C8986A /* FirebaseFirestore in Frameworks */,
				321CF21628D6327C006C68F7 /* FirebaseRemoteConfig in Frameworks */,
			);
			runOnlyForDeploymentPostprocessing = 0;
		};
		32A791BE28B929D100CC94FE /* Frameworks */ = {
			isa = PBXFrameworksBuildPhase;
			buildActionMask = 2147483647;
			files = (
				32A791C228B929D100CC94FE /* Data.framework in Frameworks */,
			);
			runOnlyForDeploymentPostprocessing = 0;
		};
/* End PBXFrameworksBuildPhase section */

/* Begin PBXGroup section */
		32143B6828D77FEC00B04819 /* SearchArticle */ = {
			isa = PBXGroup;
			children = (
				32143B6B28D7800D00B04819 /* SearchArticleRemoteDataSourceProtocol.swift */,
				32143B6928D77FFC00B04819 /* SearchArticleRemoteDataSource.swift */,
				32143B6D28D780D700B04819 /* SearchArticleAPI.swift */,
			);
			path = SearchArticle;
			sourceTree = "<group>";
		};
		3220D3E528CD326A00DB4A9E /* MostPopular */ = {
			isa = PBXGroup;
			children = (
				3220D3E628CD328700DB4A9E /* MostPopularRemoteDataSourceProtocol.swift */,
				3220D3E828CD328F00DB4A9E /* MostPopularRemoteDataSource.swift */,
				3220D3EA28CD329D00DB4A9E /* MostPopularAPI.swift */,
			);
			path = MostPopular;
			sourceTree = "<group>";
		};
		3220D3F028CD34A800DB4A9E /* MostPopular */ = {
			isa = PBXGroup;
			children = (
				3220D3F128CD34BF00DB4A9E /* MostPopularLocalDataSourceProtocol.swift */,
				3220D3F328CD353600DB4A9E /* MostPopularLocalDataSource.swift */,
			);
			path = MostPopular;
			sourceTree = "<group>";
		};
		32A791AD28B929D100CC94FE = {
			isa = PBXGroup;
			children = (
				32A791B928B929D100CC94FE /* Data */,
				32A791C528B929D100CC94FE /* DataTests */,
				32A791B828B929D100CC94FE /* Products */,
				32A7926A28B9441500CC94FE /* Frameworks */,
			);
			sourceTree = "<group>";
		};
		32A791B828B929D100CC94FE /* Products */ = {
			isa = PBXGroup;
			children = (
				32A791B728B929D100CC94FE /* Data.framework */,
				32A791C128B929D100CC94FE /* DataTests.xctest */,
			);
			name = Products;
			sourceTree = "<group>";
		};
		32A791B928B929D100CC94FE /* Data */ = {
			isa = PBXGroup;
			children = (
				32A791F428B92DC800CC94FE /* DI */,
				32FADE4128C00E9B00A3FD5D /* Mappers */,
				32FADE2828BFBA0400A3FD5D /* DTOs */,
				32A791FD28B9385400CC94FE /* DatabaseProvider */,
				32A791F828B935A100CC94FE /* FirebaseProvider */,
				32A792BB28B9485F00CC94FE /* NetworkProvider */,
				32A7921A28B93F2E00CC94FE /* Repositories */,
				32A7921928B93EDF00CC94FE /* LocalDataSources */,
				32A791E928B92BAD00CC94FE /* RemoteDataSources */,
				32A791BA28B929D100CC94FE /* Data.h */,
				32A791BB28B929D100CC94FE /* Data.docc */,
				32A791EF28B92CA000CC94FE /* GoogleService-Info.plist */,
			);
			path = Data;
			sourceTree = "<group>";
		};
		32A791C528B929D100CC94FE /* DataTests */ = {
			isa = PBXGroup;
			children = (
				32A791C628B929D100CC94FE /* DataTests.swift */,
			);
			path = DataTests;
			sourceTree = "<group>";
		};
		32A791E928B92BAD00CC94FE /* RemoteDataSources */ = {
			isa = PBXGroup;
			children = (
				32E0F13228CFB03E00C8986A /* Firestore */,
				32FADE2F28BFC3F800A3FD5D /* NewYorkTimes */,
				32A791EC28B92C4800CC94FE /* Auth */,
			);
			path = RemoteDataSources;
			sourceTree = "<group>";
		};
		32A791EC28B92C4800CC94FE /* Auth */ = {
			isa = PBXGroup;
			children = (
				32A791EA28B92BD000CC94FE /* AuthRemoteDataSourceProtocol.swift */,
				32A791ED28B92C5200CC94FE /* AuthRemoteDataSource.swift */,
			);
			path = Auth;
			sourceTree = "<group>";
		};
		32A791F428B92DC800CC94FE /* DI */ = {
			isa = PBXGroup;
			children = (
				32A791DA28B92A7D00CC94FE /* DataAssembly.swift */,
			);
			path = DI;
			sourceTree = "<group>";
		};
		32A791F828B935A100CC94FE /* FirebaseProvider */ = {
			isa = PBXGroup;
			children = (
				32A791F928B9363C00CC94FE /* FirebaseProviderProtocol.swift */,
				32A791FB28B9364300CC94FE /* FirebaseProvider.swift */,
			);
			path = FirebaseProvider;
			sourceTree = "<group>";
		};
		32A791FD28B9385400CC94FE /* DatabaseProvider */ = {
			isa = PBXGroup;
			children = (
				32A791FE28B9386400CC94FE /* DatabaseProviderProtocol.swift */,
				32A7920828B93AFE00CC94FE /* DatabaseProvider.swift */,
				32FADE0428BD458700A3FD5D /* DataKeys.swift */,
			);
			path = DatabaseProvider;
			sourceTree = "<group>";
		};
		32A7921928B93EDF00CC94FE /* LocalDataSources */ = {
			isa = PBXGroup;
			children = (
				32FADE3728BFCB4800A3FD5D /* NewYorkTimes */,
				32FADE0628BD466600A3FD5D /* Auth */,
			);
			path = LocalDataSources;
			sourceTree = "<group>";
		};
		32A7921A28B93F2E00CC94FE /* Repositories */ = {
			isa = PBXGroup;
			children = (
				32A7921B28B93F5600CC94FE /* AuthRepo.swift */,
				32FADE3F28C00C9F00A3FD5D /* TopStoriesRepo.swift */,
				3220D3EE28CD345900DB4A9E /* MostPopularRepo.swift */,
				3225E94B28CFC4B800747B5E /* CommentRepo.swift */,
				32143B7328D787E000B04819 /* SearchArticleRepo.swift */,
			);
			path = Repositories;
			sourceTree = "<group>";
		};
		32A7926A28B9441500CC94FE /* Frameworks */ = {
			isa = PBXGroup;
			children = (
				32A7926B28B9441500CC94FE /* Domain.framework */,
			);
			name = Frameworks;
			sourceTree = "<group>";
		};
		32A792BB28B9485F00CC94FE /* NetworkProvider */ = {
			isa = PBXGroup;
			children = (
				32A792C228B94B4A00CC94FE /* Adapters */,
				32A792BC28B9487800CC94FE /* NetworkProviderProtocol.swift */,
				32A792BE28B9487B00CC94FE /* NetworkProvider.swift */,
				32A792C028B94A2400CC94FE /* Logger.swift */,
			);
			path = NetworkProvider;
			sourceTree = "<group>";
		};
		32A792C228B94B4A00CC94FE /* Adapters */ = {
			isa = PBXGroup;
			children = (
				32FADE4F28C296AD00A3FD5D /* LogAdapter.swift */,
			);
			path = Adapters;
			sourceTree = "<group>";
		};
		32E0F13228CFB03E00C8986A /* Firestore */ = {
			isa = PBXGroup;
			children = (
				32E0F13528CFB07500C8986A /* CommentRemoteDataSourceProtocol.swift */,
				32E0F13328CFB04E00C8986A /* CommentRemoteDataSource.swift */,
			);
			path = Firestore;
			sourceTree = "<group>";
		};
		32FADE0628BD466600A3FD5D /* Auth */ = {
			isa = PBXGroup;
			children = (
				32FADE0928BD468C00A3FD5D /* AuthLocalDataSourceProtocol.swift */,
				32FADE0728BD467400A3FD5D /* AuthLocalDataSource.swift */,
			);
			path = Auth;
			sourceTree = "<group>";
		};
		32FADE2828BFBA0400A3FD5D /* DTOs */ = {
			isa = PBXGroup;
			children = (
				32FADE2A28BFBA1A00A3FD5D /* Local */,
				32FADE2928BFBA1000A3FD5D /* Remote */,
			);
			path = DTOs;
			sourceTree = "<group>";
		};
		32FADE2928BFBA1000A3FD5D /* Remote */ = {
			isa = PBXGroup;
			children = (
				32FADE2B28BFBA3200A3FD5D /* BaseRemoteDTO.swift */,
				32E0F11B28CE7E1B00C8986A /* FirestoreObject.swift */,
				32FADE2D28BFBB1C00A3FD5D /* TopStoriesRemoteDTO.swift */,
				3220D3DD28CD2A4100DB4A9E /* MostPopularRemoteDTO.swift */,
				32E0F11928CE7B5C00C8986A /* CommentRemoteDTO.swift */,
				3225E94728CFC39400747B5E /* CommentBody.swift */,
				32143B6428D776B800B04819 /* SearchArticleRemoteDTO.swift */,
			);
			path = Remote;
			sourceTree = "<group>";
		};
		32FADE2A28BFBA1A00A3FD5D /* Local */ = {
			isa = PBXGroup;
			children = (
				32FADE3B28C006C600A3FD5D /* TopStoriesLocalDTO.swift */,
				3220D3DF28CD2CE800DB4A9E /* MostPopularLocalDTO.swift */,
			);
			path = Local;
			sourceTree = "<group>";
		};
		32FADE2F28BFC3F800A3FD5D /* NewYorkTimes */ = {
			isa = PBXGroup;
			children = (
				32143B6828D77FEC00B04819 /* SearchArticle */,
				3220D3E528CD326A00DB4A9E /* MostPopular */,
				32FADE3428BFC45600A3FD5D /* TopStories */,
			);
			path = NewYorkTimes;
			sourceTree = "<group>";
		};
		32FADE3428BFC45600A3FD5D /* TopStories */ = {
			isa = PBXGroup;
			children = (
				32FADE3028BFC41A00A3FD5D /* TopStoriesRemoteDataSourceProtocol.swift */,
				32FADE3228BFC45100A3FD5D /* TopStoriesRemoteDataSource.swift */,
				32FADE3528BFC50B00A3FD5D /* TopStoriesAPI.swift */,
			);
			path = TopStories;
			sourceTree = "<group>";
		};
		32FADE3728BFCB4800A3FD5D /* NewYorkTimes */ = {
			isa = PBXGroup;
			children = (
				3220D3F028CD34A800DB4A9E /* MostPopular */,
				32FADE3828BFCB5C00A3FD5D /* TopStories */,
			);
			path = NewYorkTimes;
			sourceTree = "<group>";
		};
		32FADE3828BFCB5C00A3FD5D /* TopStories */ = {
			isa = PBXGroup;
			children = (
				32FADE3928BFCB6900A3FD5D /* TopStoriesLocalDataSourceProtocol.swift */,
				32FADE3D28C009BF00A3FD5D /* TopStoriesLocalDataSource.swift */,
			);
			path = TopStories;
			sourceTree = "<group>";
		};
		32FADE4128C00E9B00A3FD5D /* Mappers */ = {
			isa = PBXGroup;
			children = (
				32FADE4228C00EAD00A3FD5D /* Remote2Local.swift */,
				3225E93E28CFC22F00747B5E /* Remote2Domain.swift */,
				32FADE4628C13CA400A3FD5D /* Local2Domain.swift */,
				3225E94D28CFC53E00747B5E /* Domain2Remote.swift */,
			);
			path = Mappers;
			sourceTree = "<group>";
		};
/* End PBXGroup section */

/* Begin PBXHeadersBuildPhase section */
		32A791B228B929D100CC94FE /* Headers */ = {
			isa = PBXHeadersBuildPhase;
			buildActionMask = 2147483647;
			files = (
				32A791C828B929D100CC94FE /* Data.h in Headers */,
			);
			runOnlyForDeploymentPostprocessing = 0;
		};
/* End PBXHeadersBuildPhase section */

/* Begin PBXNativeTarget section */
		32A791B628B929D100CC94FE /* Data */ = {
			isa = PBXNativeTarget;
			buildConfigurationList = 32A791CB28B929D100CC94FE /* Build configuration list for PBXNativeTarget "Data" */;
			buildPhases = (
				32A791B228B929D100CC94FE /* Headers */,
				32A791B328B929D100CC94FE /* Sources */,
				32A791B428B929D100CC94FE /* Frameworks */,
				32A791B528B929D100CC94FE /* Resources */,
				32A7926E28B9441500CC94FE /* Embed Frameworks */,
			);
			buildRules = (
			);
			dependencies = (
			);
			name = Data;
			packageProductDependencies = (
				32A791F228B92DB400CC94FE /* FirebaseAuth */,
				32A7920128B9395200CC94FE /* Realm */,
				32A7920328B9395200CC94FE /* RealmSwift */,
				32A7920B28B93DBD00CC94FE /* Alamofire */,
				32A7921728B93E6600CC94FE /* KeychainAccess */,
				32E0F11728CE76F900C8986A /* FirebaseFirestore */,
				321CF21528D6327C006C68F7 /* FirebaseRemoteConfig */,
			);
			productName = Data;
			productReference = 32A791B728B929D100CC94FE /* Data.framework */;
			productType = "com.apple.product-type.framework";
		};
		32A791C028B929D100CC94FE /* DataTests */ = {
			isa = PBXNativeTarget;
			buildConfigurationList = 32A791CE28B929D100CC94FE /* Build configuration list for PBXNativeTarget "DataTests" */;
			buildPhases = (
				32A791BD28B929D100CC94FE /* Sources */,
				32A791BE28B929D100CC94FE /* Frameworks */,
				32A791BF28B929D100CC94FE /* Resources */,
			);
			buildRules = (
			);
			dependencies = (
				32A791C428B929D100CC94FE /* PBXTargetDependency */,
			);
			name = DataTests;
			productName = DataTests;
			productReference = 32A791C128B929D100CC94FE /* DataTests.xctest */;
			productType = "com.apple.product-type.bundle.unit-test";
		};
/* End PBXNativeTarget section */

/* Begin PBXProject section */
		32A791AE28B929D100CC94FE /* Project object */ = {
			isa = PBXProject;
			attributes = {
				BuildIndependentTargetsInParallel = 1;
				LastSwiftUpdateCheck = 1340;
				LastUpgradeCheck = 1340;
				TargetAttributes = {
					32A791B628B929D100CC94FE = {
						CreatedOnToolsVersion = 13.4.1;
					};
					32A791C028B929D100CC94FE = {
						CreatedOnToolsVersion = 13.4.1;
					};
				};
			};
			buildConfigurationList = 32A791B128B929D100CC94FE /* Build configuration list for PBXProject "Data" */;
			compatibilityVersion = "Xcode 13.0";
			developmentRegion = en;
			hasScannedForEncodings = 0;
			knownRegions = (
				en,
				Base,
			);
			mainGroup = 32A791AD28B929D100CC94FE;
			packageReferences = (
				32A791F128B92DB400CC94FE /* XCRemoteSwiftPackageReference "firebase-ios-sdk" */,
				32A7920028B9395200CC94FE /* XCRemoteSwiftPackageReference "realm-swift" */,
				32A7920A28B93DBD00CC94FE /* XCRemoteSwiftPackageReference "Alamofire" */,
				32A7921628B93E6600CC94FE /* XCRemoteSwiftPackageReference "KeychainAccess" */,
			);
			productRefGroup = 32A791B828B929D100CC94FE /* Products */;
			projectDirPath = "";
			projectRoot = "";
			targets = (
				32A791B628B929D100CC94FE /* Data */,
				32A791C028B929D100CC94FE /* DataTests */,
			);
		};
/* End PBXProject section */

/* Begin PBXResourcesBuildPhase section */
		32A791B528B929D100CC94FE /* Resources */ = {
			isa = PBXResourcesBuildPhase;
			buildActionMask = 2147483647;
			files = (
				32A791F028B92CA000CC94FE /* GoogleService-Info.plist in Resources */,
			);
			runOnlyForDeploymentPostprocessing = 0;
		};
		32A791BF28B929D100CC94FE /* Resources */ = {
			isa = PBXResourcesBuildPhase;
			buildActionMask = 2147483647;
			files = (
			);
			runOnlyForDeploymentPostprocessing = 0;
		};
/* End PBXResourcesBuildPhase section */

/* Begin PBXSourcesBuildPhase section */
		32A791B328B929D100CC94FE /* Sources */ = {
			isa = PBXSourcesBuildPhase;
			buildActionMask = 2147483647;
			files = (
				32FADE5028C296AE00A3FD5D /* LogAdapter.swift in Sources */,
				32FADE0828BD467400A3FD5D /* AuthLocalDataSource.swift in Sources */,
				32FADE4028C00C9F00A3FD5D /* TopStoriesRepo.swift in Sources */,
				32E0F13628CFB07500C8986A /* CommentRemoteDataSourceProtocol.swift in Sources */,
				32A791BC28B929D100CC94FE /* Data.docc in Sources */,
				3220D3F428CD353600DB4A9E /* MostPopularLocalDataSource.swift in Sources */,
				32A7920928B93AFE00CC94FE /* DatabaseProvider.swift in Sources */,
				32FADE3C28C006C600A3FD5D /* TopStoriesLocalDTO.swift in Sources */,
				3220D3E928CD328F00DB4A9E /* MostPopularRemoteDataSource.swift in Sources */,
				32143B6A28D77FFC00B04819 /* SearchArticleRemoteDataSource.swift in Sources */,
				32E0F11C28CE7E1B00C8986A /* FirestoreObject.swift in Sources */,
				32FADE0528BD458700A3FD5D /* DataKeys.swift in Sources */,
				32A791FC28B9364300CC94FE /* FirebaseProvider.swift in Sources */,
				32143B6528D776B800B04819 /* SearchArticleRemoteDTO.swift in Sources */,
				32A792BD28B9487800CC94FE /* NetworkProviderProtocol.swift in Sources */,
				32A7921C28B93F5600CC94FE /* AuthRepo.swift in Sources */,
				3220D3EF28CD345900DB4A9E /* MostPopularRepo.swift in Sources */,
				3225E94C28CFC4B800747B5E /* CommentRepo.swift in Sources */,
				32A791FF28B9386400CC94FE /* DatabaseProviderProtocol.swift in Sources */,
				32FADE3628BFC50B00A3FD5D /* TopStoriesAPI.swift in Sources */,
				3220D3E028CD2CE800DB4A9E /* MostPopularLocalDTO.swift in Sources */,
				32FADE3328BFC45100A3FD5D /* TopStoriesRemoteDataSource.swift in Sources */,
				3220D3EB28CD329D00DB4A9E /* MostPopularAPI.swift in Sources */,
				32143B6C28D7800D00B04819 /* SearchArticleRemoteDataSourceProtocol.swift in Sources */,
				3225E94828CFC39400747B5E /* CommentBody.swift in Sources */,
				3225E94E28CFC53E00747B5E /* Domain2Remote.swift in Sources */,
				32A791DB28B92A7D00CC94FE /* DataAssembly.swift in Sources */,
				32A792C128B94A2400CC94FE /* Logger.swift in Sources */,
				3225E93F28CFC22F00747B5E /* Remote2Domain.swift in Sources */,
				3220D3F228CD34BF00DB4A9E /* MostPopularLocalDataSourceProtocol.swift in Sources */,
				32A792BF28B9487B00CC94FE /* NetworkProvider.swift in Sources */,
				32FADE3A28BFCB6900A3FD5D /* TopStoriesLocalDataSourceProtocol.swift in Sources */,
				32A791EE28B92C5200CC94FE /* AuthRemoteDataSource.swift in Sources */,
				32FADE2E28BFBB1C00A3FD5D /* TopStoriesRemoteDTO.swift in Sources */,
				32143B7428D787E000B04819 /* SearchArticleRepo.swift in Sources */,
				32FADE4728C13CA400A3FD5D /* Local2Domain.swift in Sources */,
				32FADE2C28BFBA3200A3FD5D /* BaseRemoteDTO.swift in Sources */,
				32143B6E28D780D700B04819 /* SearchArticleAPI.swift in Sources */,
				32FADE3E28C009BF00A3FD5D /* TopStoriesLocalDataSource.swift in Sources */,
				3220D3DE28CD2A4100DB4A9E /* MostPopularRemoteDTO.swift in Sources */,
				32A791FA28B9363C00CC94FE /* FirebaseProviderProtocol.swift in Sources */,
				3220D3E728CD328700DB4A9E /* MostPopularRemoteDataSourceProtocol.swift in Sources */,
				32E0F13428CFB04E00C8986A /* CommentRemoteDataSource.swift in Sources */,
				32FADE0A28BD468C00A3FD5D /* AuthLocalDataSourceProtocol.swift in Sources */,
				32FADE3128BFC41A00A3FD5D /* TopStoriesRemoteDataSourceProtocol.swift in Sources */,
				32FADE4328C00EAD00A3FD5D /* Remote2Local.swift in Sources */,
				32A791EB28B92BD000CC94FE /* AuthRemoteDataSourceProtocol.swift in Sources */,
				32E0F11A28CE7B5C00C8986A /* CommentRemoteDTO.swift in Sources */,
			);
			runOnlyForDeploymentPostprocessing = 0;
		};
		32A791BD28B929D100CC94FE /* Sources */ = {
			isa = PBXSourcesBuildPhase;
			buildActionMask = 2147483647;
			files = (
				32A791C728B929D100CC94FE /* DataTests.swift in Sources */,
			);
			runOnlyForDeploymentPostprocessing = 0;
		};
/* End PBXSourcesBuildPhase section */

/* Begin PBXTargetDependency section */
		32A791C428B929D100CC94FE /* PBXTargetDependency */ = {
			isa = PBXTargetDependency;
			target = 32A791B628B929D100CC94FE /* Data */;
			targetProxy = 32A791C328B929D100CC94FE /* PBXContainerItemProxy */;
		};
/* End PBXTargetDependency section */

/* Begin XCBuildConfiguration section */
		32A791C928B929D100CC94FE /* Debug */ = {
			isa = XCBuildConfiguration;
			buildSettings = {
				ALWAYS_SEARCH_USER_PATHS = NO;
				CLANG_ANALYZER_NONNULL = YES;
				CLANG_ANALYZER_NUMBER_OBJECT_CONVERSION = YES_AGGRESSIVE;
				CLANG_CXX_LANGUAGE_STANDARD = "gnu++17";
				CLANG_ENABLE_MODULES = YES;
				CLANG_ENABLE_OBJC_ARC = YES;
				CLANG_ENABLE_OBJC_WEAK = YES;
				CLANG_WARN_BLOCK_CAPTURE_AUTORELEASING = YES;
				CLANG_WARN_BOOL_CONVERSION = YES;
				CLANG_WARN_COMMA = YES;
				CLANG_WARN_CONSTANT_CONVERSION = YES;
				CLANG_WARN_DEPRECATED_OBJC_IMPLEMENTATIONS = YES;
				CLANG_WARN_DIRECT_OBJC_ISA_USAGE = YES_ERROR;
				CLANG_WARN_DOCUMENTATION_COMMENTS = YES;
				CLANG_WARN_EMPTY_BODY = YES;
				CLANG_WARN_ENUM_CONVERSION = YES;
				CLANG_WARN_INFINITE_RECURSION = YES;
				CLANG_WARN_INT_CONVERSION = YES;
				CLANG_WARN_NON_LITERAL_NULL_CONVERSION = YES;
				CLANG_WARN_OBJC_IMPLICIT_RETAIN_SELF = YES;
				CLANG_WARN_OBJC_LITERAL_CONVERSION = YES;
				CLANG_WARN_OBJC_ROOT_CLASS = YES_ERROR;
				CLANG_WARN_QUOTED_INCLUDE_IN_FRAMEWORK_HEADER = YES;
				CLANG_WARN_RANGE_LOOP_ANALYSIS = YES;
				CLANG_WARN_STRICT_PROTOTYPES = YES;
				CLANG_WARN_SUSPICIOUS_MOVE = YES;
				CLANG_WARN_UNGUARDED_AVAILABILITY = YES_AGGRESSIVE;
				CLANG_WARN_UNREACHABLE_CODE = YES;
				CLANG_WARN__DUPLICATE_METHOD_MATCH = YES;
				COPY_PHASE_STRIP = NO;
				CURRENT_PROJECT_VERSION = 1;
				DEBUG_INFORMATION_FORMAT = dwarf;
				ENABLE_STRICT_OBJC_MSGSEND = YES;
				ENABLE_TESTABILITY = YES;
				GCC_C_LANGUAGE_STANDARD = gnu11;
				GCC_DYNAMIC_NO_PIC = NO;
				GCC_NO_COMMON_BLOCKS = YES;
				GCC_OPTIMIZATION_LEVEL = 0;
				GCC_PREPROCESSOR_DEFINITIONS = (
					"DEBUG=1",
					"$(inherited)",
				);
				GCC_WARN_64_TO_32_BIT_CONVERSION = YES;
				GCC_WARN_ABOUT_RETURN_TYPE = YES_ERROR;
				GCC_WARN_UNDECLARED_SELECTOR = YES;
				GCC_WARN_UNINITIALIZED_AUTOS = YES_AGGRESSIVE;
				GCC_WARN_UNUSED_FUNCTION = YES;
				GCC_WARN_UNUSED_VARIABLE = YES;
				IPHONEOS_DEPLOYMENT_TARGET = 13.0;
				MTL_ENABLE_DEBUG_INFO = INCLUDE_SOURCE;
				MTL_FAST_MATH = YES;
				ONLY_ACTIVE_ARCH = YES;
				SDKROOT = iphoneos;
				SWIFT_ACTIVE_COMPILATION_CONDITIONS = DEBUG;
				SWIFT_OPTIMIZATION_LEVEL = "-Onone";
				VERSIONING_SYSTEM = "apple-generic";
				VERSION_INFO_PREFIX = "";
			};
			name = Debug;
		};
		32A791CA28B929D100CC94FE /* Release */ = {
			isa = XCBuildConfiguration;
			buildSettings = {
				ALWAYS_SEARCH_USER_PATHS = NO;
				CLANG_ANALYZER_NONNULL = YES;
				CLANG_ANALYZER_NUMBER_OBJECT_CONVERSION = YES_AGGRESSIVE;
				CLANG_CXX_LANGUAGE_STANDARD = "gnu++17";
				CLANG_ENABLE_MODULES = YES;
				CLANG_ENABLE_OBJC_ARC = YES;
				CLANG_ENABLE_OBJC_WEAK = YES;
				CLANG_WARN_BLOCK_CAPTURE_AUTORELEASING = YES;
				CLANG_WARN_BOOL_CONVERSION = YES;
				CLANG_WARN_COMMA = YES;
				CLANG_WARN_CONSTANT_CONVERSION = YES;
				CLANG_WARN_DEPRECATED_OBJC_IMPLEMENTATIONS = YES;
				CLANG_WARN_DIRECT_OBJC_ISA_USAGE = YES_ERROR;
				CLANG_WARN_DOCUMENTATION_COMMENTS = YES;
				CLANG_WARN_EMPTY_BODY = YES;
				CLANG_WARN_ENUM_CONVERSION = YES;
				CLANG_WARN_INFINITE_RECURSION = YES;
				CLANG_WARN_INT_CONVERSION = YES;
				CLANG_WARN_NON_LITERAL_NULL_CONVERSION = YES;
				CLANG_WARN_OBJC_IMPLICIT_RETAIN_SELF = YES;
				CLANG_WARN_OBJC_LITERAL_CONVERSION = YES;
				CLANG_WARN_OBJC_ROOT_CLASS = YES_ERROR;
				CLANG_WARN_QUOTED_INCLUDE_IN_FRAMEWORK_HEADER = YES;
				CLANG_WARN_RANGE_LOOP_ANALYSIS = YES;
				CLANG_WARN_STRICT_PROTOTYPES = YES;
				CLANG_WARN_SUSPICIOUS_MOVE = YES;
				CLANG_WARN_UNGUARDED_AVAILABILITY = YES_AGGRESSIVE;
				CLANG_WARN_UNREACHABLE_CODE = YES;
				CLANG_WARN__DUPLICATE_METHOD_MATCH = YES;
				COPY_PHASE_STRIP = NO;
				CURRENT_PROJECT_VERSION = 1;
				DEBUG_INFORMATION_FORMAT = "dwarf-with-dsym";
				ENABLE_NS_ASSERTIONS = NO;
				ENABLE_STRICT_OBJC_MSGSEND = YES;
				GCC_C_LANGUAGE_STANDARD = gnu11;
				GCC_NO_COMMON_BLOCKS = YES;
				GCC_WARN_64_TO_32_BIT_CONVERSION = YES;
				GCC_WARN_ABOUT_RETURN_TYPE = YES_ERROR;
				GCC_WARN_UNDECLARED_SELECTOR = YES;
				GCC_WARN_UNINITIALIZED_AUTOS = YES_AGGRESSIVE;
				GCC_WARN_UNUSED_FUNCTION = YES;
				GCC_WARN_UNUSED_VARIABLE = YES;
				IPHONEOS_DEPLOYMENT_TARGET = 13.0;
				MTL_ENABLE_DEBUG_INFO = NO;
				MTL_FAST_MATH = YES;
				SDKROOT = iphoneos;
				SWIFT_COMPILATION_MODE = wholemodule;
				SWIFT_OPTIMIZATION_LEVEL = "-O";
				VALIDATE_PRODUCT = YES;
				VERSIONING_SYSTEM = "apple-generic";
				VERSION_INFO_PREFIX = "";
			};
			name = Release;
		};
		32A791CC28B929D100CC94FE /* Debug */ = {
			isa = XCBuildConfiguration;
			buildSettings = {
				CODE_SIGN_IDENTITY = "Apple Development";
				CODE_SIGN_STYLE = Automatic;
				CURRENT_PROJECT_VERSION = 1;
				DEFINES_MODULE = YES;
				DEVELOPMENT_TEAM = 8B4Z6L9SV7;
				DYLIB_COMPATIBILITY_VERSION = 1;
				DYLIB_CURRENT_VERSION = 1;
				DYLIB_INSTALL_NAME_BASE = "@rpath";
				GENERATE_INFOPLIST_FILE = YES;
				INFOPLIST_KEY_NSHumanReadableCopyright = "";
				INSTALL_PATH = "$(LOCAL_LIBRARY_DIR)/Frameworks";
				IPHONEOS_DEPLOYMENT_TARGET = 13.0;
				LD_RUNPATH_SEARCH_PATHS = (
					"$(inherited)",
					"@executable_path/Frameworks",
					"@loader_path/Frameworks",
				);
				MARKETING_VERSION = 1.0;
				PRODUCT_BUNDLE_IDENTIFIER = is.rza.Data;
				PRODUCT_NAME = "$(TARGET_NAME:c99extidentifier)";
				SKIP_INSTALL = YES;
				SUPPORTED_PLATFORMS = "iphoneos iphonesimulator";
				SUPPORTS_MACCATALYST = NO;
				SUPPORTS_MAC_DESIGNED_FOR_IPHONE_IPAD = NO;
				SWIFT_EMIT_LOC_STRINGS = YES;
				SWIFT_VERSION = 5.0;
				TARGETED_DEVICE_FAMILY = "1,2";
			};
			name = Debug;
		};
		32A791CD28B929D100CC94FE /* Release */ = {
			isa = XCBuildConfiguration;
			buildSettings = {
				CODE_SIGN_IDENTITY = "Apple Development";
				CODE_SIGN_STYLE = Automatic;
				CURRENT_PROJECT_VERSION = 1;
				DEFINES_MODULE = YES;
				DEVELOPMENT_TEAM = 8B4Z6L9SV7;
				DYLIB_COMPATIBILITY_VERSION = 1;
				DYLIB_CURRENT_VERSION = 1;
				DYLIB_INSTALL_NAME_BASE = "@rpath";
				GENERATE_INFOPLIST_FILE = YES;
				INFOPLIST_KEY_NSHumanReadableCopyright = "";
				INSTALL_PATH = "$(LOCAL_LIBRARY_DIR)/Frameworks";
				IPHONEOS_DEPLOYMENT_TARGET = 13.0;
				LD_RUNPATH_SEARCH_PATHS = (
					"$(inherited)",
					"@executable_path/Frameworks",
					"@loader_path/Frameworks",
				);
				MARKETING_VERSION = 1.0;
				PRODUCT_BUNDLE_IDENTIFIER = is.rza.Data;
				PRODUCT_NAME = "$(TARGET_NAME:c99extidentifier)";
				SKIP_INSTALL = YES;
				SUPPORTED_PLATFORMS = "iphoneos iphonesimulator";
				SUPPORTS_MACCATALYST = NO;
				SUPPORTS_MAC_DESIGNED_FOR_IPHONE_IPAD = NO;
				SWIFT_EMIT_LOC_STRINGS = YES;
				SWIFT_VERSION = 5.0;
				TARGETED_DEVICE_FAMILY = "1,2";
			};
			name = Release;
		};
		32A791CF28B929D100CC94FE /* Debug */ = {
			isa = XCBuildConfiguration;
			buildSettings = {
				ALWAYS_EMBED_SWIFT_STANDARD_LIBRARIES = YES;
				CODE_SIGN_STYLE = Automatic;
				CURRENT_PROJECT_VERSION = 1;
				GENERATE_INFOPLIST_FILE = YES;
				MARKETING_VERSION = 1.0;
				PRODUCT_BUNDLE_IDENTIFIER = is.rza.DataTests;
				PRODUCT_NAME = "$(TARGET_NAME)";
				SWIFT_EMIT_LOC_STRINGS = NO;
				SWIFT_VERSION = 5.0;
				TARGETED_DEVICE_FAMILY = "1,2";
			};
			name = Debug;
		};
		32A791D028B929D100CC94FE /* Release */ = {
			isa = XCBuildConfiguration;
			buildSettings = {
				ALWAYS_EMBED_SWIFT_STANDARD_LIBRARIES = YES;
				CODE_SIGN_STYLE = Automatic;
				CURRENT_PROJECT_VERSION = 1;
				GENERATE_INFOPLIST_FILE = YES;
				MARKETING_VERSION = 1.0;
				PRODUCT_BUNDLE_IDENTIFIER = is.rza.DataTests;
				PRODUCT_NAME = "$(TARGET_NAME)";
				SWIFT_EMIT_LOC_STRINGS = NO;
				SWIFT_VERSION = 5.0;
				TARGETED_DEVICE_FAMILY = "1,2";
			};
			name = Release;
		};
/* End XCBuildConfiguration section */

/* Begin XCConfigurationList section */
		32A791B128B929D100CC94FE /* Build configuration list for PBXProject "Data" */ = {
			isa = XCConfigurationList;
			buildConfigurations = (
				32A791C928B929D100CC94FE /* Debug */,
				32A791CA28B929D100CC94FE /* Release */,
			);
			defaultConfigurationIsVisible = 0;
			defaultConfigurationName = Release;
		};
		32A791CB28B929D100CC94FE /* Build configuration list for PBXNativeTarget "Data" */ = {
			isa = XCConfigurationList;
			buildConfigurations = (
				32A791CC28B929D100CC94FE /* Debug */,
				32A791CD28B929D100CC94FE /* Release */,
			);
			defaultConfigurationIsVisible = 0;
			defaultConfigurationName = Release;
		};
		32A791CE28B929D100CC94FE /* Build configuration list for PBXNativeTarget "DataTests" */ = {
			isa = XCConfigurationList;
			buildConfigurations = (
				32A791CF28B929D100CC94FE /* Debug */,
				32A791D028B929D100CC94FE /* Release */,
			);
			defaultConfigurationIsVisible = 0;
			defaultConfigurationName = Release;
		};
/* End XCConfigurationList section */

/* Begin XCRemoteSwiftPackageReference section */
		32A791F128B92DB400CC94FE /* XCRemoteSwiftPackageReference "firebase-ios-sdk" */ = {
			isa = XCRemoteSwiftPackageReference;
			repositoryURL = "https://github.com/firebase/firebase-ios-sdk.git";
			requirement = {
				kind = upToNextMajorVersion;
				minimumVersion = 9.0.0;
			};
		};
		32A7920028B9395200CC94FE /* XCRemoteSwiftPackageReference "realm-swift" */ = {
			isa = XCRemoteSwiftPackageReference;
			repositoryURL = "https://github.com/realm/realm-swift";
			requirement = {
				kind = upToNextMajorVersion;
				minimumVersion = 10.29.0;
			};
		};
		32A7920A28B93DBD00CC94FE /* XCRemoteSwiftPackageReference "Alamofire" */ = {
			isa = XCRemoteSwiftPackageReference;
			repositoryURL = "https://github.com/Alamofire/Alamofire";
			requirement = {
				kind = upToNextMajorVersion;
				minimumVersion = 5.0.0;
			};
		};
		32A7921628B93E6600CC94FE /* XCRemoteSwiftPackageReference "KeychainAccess" */ = {
			isa = XCRemoteSwiftPackageReference;
			repositoryURL = "https://github.com/kishikawakatsumi/KeychainAccess";
			requirement = {
				kind = upToNextMajorVersion;
				minimumVersion = 4.2.2;
			};
		};
/* End XCRemoteSwiftPackageReference section */

/* Begin XCSwiftPackageProductDependency section */
		321CF21528D6327C006C68F7 /* FirebaseRemoteConfig */ = {
			isa = XCSwiftPackageProductDependency;
			package = 32A791F128B92DB400CC94FE /* XCRemoteSwiftPackageReference "firebase-ios-sdk" */;
			productName = FirebaseRemoteConfig;
		};
		32A791F228B92DB400CC94FE /* FirebaseAuth */ = {
			isa = XCSwiftPackageProductDependency;
			package = 32A791F128B92DB400CC94FE /* XCRemoteSwiftPackageReference "firebase-ios-sdk" */;
			productName = FirebaseAuth;
		};
		32A7920128B9395200CC94FE /* Realm */ = {
			isa = XCSwiftPackageProductDependency;
			package = 32A7920028B9395200CC94FE /* XCRemoteSwiftPackageReference "realm-swift" */;
			productName = Realm;
		};
		32A7920328B9395200CC94FE /* RealmSwift */ = {
			isa = XCSwiftPackageProductDependency;
			package = 32A7920028B9395200CC94FE /* XCRemoteSwiftPackageReference "realm-swift" */;
			productName = RealmSwift;
		};
		32A7920B28B93DBD00CC94FE /* Alamofire */ = {
			isa = XCSwiftPackageProductDependency;
			package = 32A7920A28B93DBD00CC94FE /* XCRemoteSwiftPackageReference "Alamofire" */;
			productName = Alamofire;
		};
		32A7921728B93E6600CC94FE /* KeychainAccess */ = {
			isa = XCSwiftPackageProductDependency;
			package = 32A7921628B93E6600CC94FE /* XCRemoteSwiftPackageReference "KeychainAccess" */;
			productName = KeychainAccess;
		};
		32E0F11728CE76F900C8986A /* FirebaseFirestore */ = {
			isa = XCSwiftPackageProductDependency;
			package = 32A791F128B92DB400CC94FE /* XCRemoteSwiftPackageReference "firebase-ios-sdk" */;
			productName = FirebaseFirestore;
		};
/* End XCSwiftPackageProductDependency section */
	};
	rootObject = 32A791AE28B929D100CC94FE /* Project object */;
}
