// !$*UTF8*$!
{
	archiveVersion = 1;
	classes = {
	};
	objectVersion = 55;
	objects = {

/* Begin PBXBuildFile section */
		32143B7028D781D900B04819 /* SearchArticleEntity.swift in Sources */ = {isa = PBXBuildFile; fileRef = 32143B6F28D781D900B04819 /* SearchArticleEntity.swift */; };
		32143B7228D787A200B04819 /* SearchArticleRepoProtocol.swift in Sources */ = {isa = PBXBuildFile; fileRef = 32143B7128D787A200B04819 /* SearchArticleRepoProtocol.swift */; };
		32143B7728D78A6900B04819 /* SearchArticleUseCase.swift in Sources */ = {isa = PBXBuildFile; fileRef = 32143B7628D78A6900B04819 /* SearchArticleUseCase.swift */; };
		321F947628CCE1C2000757F4 /* TopStoriesInput.swift in Sources */ = {isa = PBXBuildFile; fileRef = 321F947528CCE1C2000757F4 /* TopStoriesInput.swift */; };
		321F947828CCE76F000757F4 /* GetTopStoriesUseCase.swift in Sources */ = {isa = PBXBuildFile; fileRef = 321F947728CCE76F000757F4 /* GetTopStoriesUseCase.swift */; };
		321F948028CCEF16000757F4 /* Array+Extension.swift in Sources */ = {isa = PBXBuildFile; fileRef = 321F947F28CCEF16000757F4 /* Array+Extension.swift */; };
		3220D3E228CD301A00DB4A9E /* MostPopularEntity.swift in Sources */ = {isa = PBXBuildFile; fileRef = 3220D3E128CD301A00DB4A9E /* MostPopularEntity.swift */; };
		3220D3E428CD307200DB4A9E /* PublishDateEntity.swift in Sources */ = {isa = PBXBuildFile; fileRef = 3220D3E328CD307200DB4A9E /* PublishDateEntity.swift */; };
		3220D3ED28CD340B00DB4A9E /* MostPopularRepoProtocol.swift in Sources */ = {isa = PBXBuildFile; fileRef = 3220D3EC28CD340B00DB4A9E /* MostPopularRepoProtocol.swift */; };
		3220D3F728CD381700DB4A9E /* SyncMostPopularUseCase.swift in Sources */ = {isa = PBXBuildFile; fileRef = 3220D3F628CD381700DB4A9E /* SyncMostPopularUseCase.swift */; };
		3220D3F928CD382300DB4A9E /* ObserveMostPopularUseCase.swift in Sources */ = {isa = PBXBuildFile; fileRef = 3220D3F828CD382300DB4A9E /* ObserveMostPopularUseCase.swift */; };
		3225E94128CFC2C400747B5E /* CommentRepoProtocol.swift in Sources */ = {isa = PBXBuildFile; fileRef = 3225E94028CFC2C400747B5E /* CommentRepoProtocol.swift */; };
		3225E94A28CFC3A800747B5E /* CommentInput.swift in Sources */ = {isa = PBXBuildFile; fileRef = 3225E94928CFC3A800747B5E /* CommentInput.swift */; };
		3234991128DF1F1B00AE33F2 /* AuthGetUserEmailUseCase.swift in Sources */ = {isa = PBXBuildFile; fileRef = 3234991028DF1F1B00AE33F2 /* AuthGetUserEmailUseCase.swift */; };
		32549CE828D8DEB400EF00AB /* GetCommentsUseCase.swift in Sources */ = {isa = PBXBuildFile; fileRef = 32549CE728D8DEB400EF00AB /* GetCommentsUseCase.swift */; };
		32549CEA28D8DF2100EF00AB /* DeleteCommentUseCase.swift in Sources */ = {isa = PBXBuildFile; fileRef = 32549CE928D8DF2100EF00AB /* DeleteCommentUseCase.swift */; };
		32549CEC28D8DF7600EF00AB /* SubmitCommentUseCase.swift in Sources */ = {isa = PBXBuildFile; fileRef = 32549CEB28D8DF7600EF00AB /* SubmitCommentUseCase.swift */; };
		32549D0328DA127000EF00AB /* LikeEntity.swift in Sources */ = {isa = PBXBuildFile; fileRef = 32549D0228DA127000EF00AB /* LikeEntity.swift */; };
		32549D0728DA149200EF00AB /* LikeRepoProtocol.swift in Sources */ = {isa = PBXBuildFile; fileRef = 32549D0628DA149200EF00AB /* LikeRepoProtocol.swift */; };
		32549D0928DA14C800EF00AB /* LikeInput.swift in Sources */ = {isa = PBXBuildFile; fileRef = 32549D0828DA14C800EF00AB /* LikeInput.swift */; };
		32549D0C28DA16BF00EF00AB /* GetLikesUseCase.swift in Sources */ = {isa = PBXBuildFile; fileRef = 32549D0B28DA16BF00EF00AB /* GetLikesUseCase.swift */; };
		32549D0E28DA16CA00EF00AB /* DeleteLikeUseCase.swift in Sources */ = {isa = PBXBuildFile; fileRef = 32549D0D28DA16CA00EF00AB /* DeleteLikeUseCase.swift */; };
		32549D1028DA1C5E00EF00AB /* SubmitLikeUseCase.swift in Sources */ = {isa = PBXBuildFile; fileRef = 32549D0F28DA1C5E00EF00AB /* SubmitLikeUseCase.swift */; };
		32A7922C28B9403300CC94FE /* Domain.docc in Sources */ = {isa = PBXBuildFile; fileRef = 32A7922B28B9403300CC94FE /* Domain.docc */; };
		32A7923228B9403300CC94FE /* Domain.framework in Frameworks */ = {isa = PBXBuildFile; fileRef = 32A7922728B9403300CC94FE /* Domain.framework */; };
		32A7923728B9403300CC94FE /* DomainTests.swift in Sources */ = {isa = PBXBuildFile; fileRef = 32A7923628B9403300CC94FE /* DomainTests.swift */; };
		32A7923828B9403300CC94FE /* Domain.h in Headers */ = {isa = PBXBuildFile; fileRef = 32A7922A28B9403300CC94FE /* Domain.h */; settings = {ATTRIBUTES = (Public, ); }; };
		32A7925128B9408F00CC94FE /* AuthInput.swift in Sources */ = {isa = PBXBuildFile; fileRef = 32A7925028B9408F00CC94FE /* AuthInput.swift */; };
		32A7925728B9429200CC94FE /* AuthLoginUseCase.swift in Sources */ = {isa = PBXBuildFile; fileRef = 32A7925628B9429200CC94FE /* AuthLoginUseCase.swift */; };
		32A7925A28B942A100CC94FE /* BaseUseCase.swift in Sources */ = {isa = PBXBuildFile; fileRef = 32A7925928B942A100CC94FE /* BaseUseCase.swift */; };
		32A7925C28B942EC00CC94FE /* BaseAsyncThrowsUseCase.swift in Sources */ = {isa = PBXBuildFile; fileRef = 32A7925B28B942EC00CC94FE /* BaseAsyncThrowsUseCase.swift */; };
		32A7925E28B9430C00CC94FE /* BaseObserveUseCase.swift in Sources */ = {isa = PBXBuildFile; fileRef = 32A7925D28B9430C00CC94FE /* BaseObserveUseCase.swift */; };
		32A7926928B9438B00CC94FE /* AuthRepoProtocol.swift in Sources */ = {isa = PBXBuildFile; fileRef = 32A7926828B9438B00CC94FE /* AuthRepoProtocol.swift */; };
		32A7927028B9447B00CC94FE /* AuthRegisterUseCase.swift in Sources */ = {isa = PBXBuildFile; fileRef = 32A7926F28B9447B00CC94FE /* AuthRegisterUseCase.swift */; };
		32A792A028B9455B00CC94FE /* DomainAssembly.swift in Sources */ = {isa = PBXBuildFile; fileRef = 32A7929F28B9455B00CC94FE /* DomainAssembly.swift */; };
		32A792A328B9457400CC94FE /* Swinject in Frameworks */ = {isa = PBXBuildFile; productRef = 32A792A228B9457400CC94FE /* Swinject */; };
		32A792D728BA12BA00CC94FE /* UIError.swift in Sources */ = {isa = PBXBuildFile; fileRef = 32A792D628BA12BA00CC94FE /* UIError.swift */; };
		32A792EB28BA208800CC94FE /* AuthIsLoggedInUseCase.swift in Sources */ = {isa = PBXBuildFile; fileRef = 32A792EA28BA208800CC94FE /* AuthIsLoggedInUseCase.swift */; };
		32A792ED28BA22D100CC94FE /* AuthLogoutUseCase.swift in Sources */ = {isa = PBXBuildFile; fileRef = 32A792EC28BA22D100CC94FE /* AuthLogoutUseCase.swift */; };
		32A792EF28BA23B000CC94FE /* BaseThrowsUseCase.swift in Sources */ = {isa = PBXBuildFile; fileRef = 32A792EE28BA23B000CC94FE /* BaseThrowsUseCase.swift */; };
		32E0F13128CFAF0A00C8986A /* CommentEntity.swift in Sources */ = {isa = PBXBuildFile; fileRef = 32E0F13028CFAF0A00C8986A /* CommentEntity.swift */; };
		32FADE0C28BD49DC00A3FD5D /* FirstOpeningEntity.swift in Sources */ = {isa = PBXBuildFile; fileRef = 32FADE0B28BD49DC00A3FD5D /* FirstOpeningEntity.swift */; };
		32FADE0E28BD4BB100A3FD5D /* AuthGetFirstOpeningDateUseCase.swift in Sources */ = {isa = PBXBuildFile; fileRef = 32FADE0D28BD4BB100A3FD5D /* AuthGetFirstOpeningDateUseCase.swift */; };
		32FADE1028BD4C1E00A3FD5D /* AuthSetFirstOpeningDateUseCase.swift in Sources */ = {isa = PBXBuildFile; fileRef = 32FADE0F28BD4C1E00A3FD5D /* AuthSetFirstOpeningDateUseCase.swift */; };
		32FADE4528C13AFD00A3FD5D /* TopStoryEntity.swift in Sources */ = {isa = PBXBuildFile; fileRef = 32FADE4428C13AFD00A3FD5D /* TopStoryEntity.swift */; };
		32FADE4928C140B200A3FD5D /* TopStoriesRepoProtocol.swift in Sources */ = {isa = PBXBuildFile; fileRef = 32FADE4828C140B200A3FD5D /* TopStoriesRepoProtocol.swift */; };
		32FADE4C28C141D600A3FD5D /* SyncTopStoriesUseCase.swift in Sources */ = {isa = PBXBuildFile; fileRef = 32FADE4B28C141D600A3FD5D /* SyncTopStoriesUseCase.swift */; };
		32FADE4E28C1422600A3FD5D /* ObserveTopStoriesUseCase.swift in Sources */ = {isa = PBXBuildFile; fileRef = 32FADE4D28C1422600A3FD5D /* ObserveTopStoriesUseCase.swift */; };
/* End PBXBuildFile section */

/* Begin PBXContainerItemProxy section */
		32A7923328B9403300CC94FE /* PBXContainerItemProxy */ = {
			isa = PBXContainerItemProxy;
			containerPortal = 32A7921E28B9403300CC94FE /* Project object */;
			proxyType = 1;
			remoteGlobalIDString = 32A7922628B9403300CC94FE;
			remoteInfo = Domain;
		};
/* End PBXContainerItemProxy section */

/* Begin PBXFileReference section */
		32143B6F28D781D900B04819 /* SearchArticleEntity.swift */ = {isa = PBXFileReference; lastKnownFileType = sourcecode.swift; path = SearchArticleEntity.swift; sourceTree = "<group>"; };
		32143B7128D787A200B04819 /* SearchArticleRepoProtocol.swift */ = {isa = PBXFileReference; lastKnownFileType = sourcecode.swift; path = SearchArticleRepoProtocol.swift; sourceTree = "<group>"; };
		32143B7628D78A6900B04819 /* SearchArticleUseCase.swift */ = {isa = PBXFileReference; lastKnownFileType = sourcecode.swift; path = SearchArticleUseCase.swift; sourceTree = "<group>"; };
		321F947528CCE1C2000757F4 /* TopStoriesInput.swift */ = {isa = PBXFileReference; lastKnownFileType = sourcecode.swift; path = TopStoriesInput.swift; sourceTree = "<group>"; };
		321F947728CCE76F000757F4 /* GetTopStoriesUseCase.swift */ = {isa = PBXFileReference; lastKnownFileType = sourcecode.swift; path = GetTopStoriesUseCase.swift; sourceTree = "<group>"; };
		321F947F28CCEF16000757F4 /* Array+Extension.swift */ = {isa = PBXFileReference; lastKnownFileType = sourcecode.swift; path = "Array+Extension.swift"; sourceTree = "<group>"; };
		3220D3E128CD301A00DB4A9E /* MostPopularEntity.swift */ = {isa = PBXFileReference; lastKnownFileType = sourcecode.swift; path = MostPopularEntity.swift; sourceTree = "<group>"; };
		3220D3E328CD307200DB4A9E /* PublishDateEntity.swift */ = {isa = PBXFileReference; lastKnownFileType = sourcecode.swift; path = PublishDateEntity.swift; sourceTree = "<group>"; };
		3220D3EC28CD340B00DB4A9E /* MostPopularRepoProtocol.swift */ = {isa = PBXFileReference; lastKnownFileType = sourcecode.swift; path = MostPopularRepoProtocol.swift; sourceTree = "<group>"; };
		3220D3F628CD381700DB4A9E /* SyncMostPopularUseCase.swift */ = {isa = PBXFileReference; lastKnownFileType = sourcecode.swift; path = SyncMostPopularUseCase.swift; sourceTree = "<group>"; };
		3220D3F828CD382300DB4A9E /* ObserveMostPopularUseCase.swift */ = {isa = PBXFileReference; lastKnownFileType = sourcecode.swift; path = ObserveMostPopularUseCase.swift; sourceTree = "<group>"; };
		3225E94028CFC2C400747B5E /* CommentRepoProtocol.swift */ = {isa = PBXFileReference; lastKnownFileType = sourcecode.swift; path = CommentRepoProtocol.swift; sourceTree = "<group>"; };
		3225E94928CFC3A800747B5E /* CommentInput.swift */ = {isa = PBXFileReference; lastKnownFileType = sourcecode.swift; path = CommentInput.swift; sourceTree = "<group>"; };
		3234991028DF1F1B00AE33F2 /* AuthGetUserEmailUseCase.swift */ = {isa = PBXFileReference; lastKnownFileType = sourcecode.swift; path = AuthGetUserEmailUseCase.swift; sourceTree = "<group>"; };
		32549CE728D8DEB400EF00AB /* GetCommentsUseCase.swift */ = {isa = PBXFileReference; lastKnownFileType = sourcecode.swift; path = GetCommentsUseCase.swift; sourceTree = "<group>"; };
		32549CE928D8DF2100EF00AB /* DeleteCommentUseCase.swift */ = {isa = PBXFileReference; lastKnownFileType = sourcecode.swift; path = DeleteCommentUseCase.swift; sourceTree = "<group>"; };
		32549CEB28D8DF7600EF00AB /* SubmitCommentUseCase.swift */ = {isa = PBXFileReference; lastKnownFileType = sourcecode.swift; path = SubmitCommentUseCase.swift; sourceTree = "<group>"; };
		32549D0228DA127000EF00AB /* LikeEntity.swift */ = {isa = PBXFileReference; lastKnownFileType = sourcecode.swift; path = LikeEntity.swift; sourceTree = "<group>"; };
		32549D0628DA149200EF00AB /* LikeRepoProtocol.swift */ = {isa = PBXFileReference; lastKnownFileType = sourcecode.swift; path = LikeRepoProtocol.swift; sourceTree = "<group>"; };
		32549D0828DA14C800EF00AB /* LikeInput.swift */ = {isa = PBXFileReference; lastKnownFileType = sourcecode.swift; path = LikeInput.swift; sourceTree = "<group>"; };
		32549D0B28DA16BF00EF00AB /* GetLikesUseCase.swift */ = {isa = PBXFileReference; lastKnownFileType = sourcecode.swift; path = GetLikesUseCase.swift; sourceTree = "<group>"; };
		32549D0D28DA16CA00EF00AB /* DeleteLikeUseCase.swift */ = {isa = PBXFileReference; lastKnownFileType = sourcecode.swift; path = DeleteLikeUseCase.swift; sourceTree = "<group>"; };
		32549D0F28DA1C5E00EF00AB /* SubmitLikeUseCase.swift */ = {isa = PBXFileReference; lastKnownFileType = sourcecode.swift; path = SubmitLikeUseCase.swift; sourceTree = "<group>"; };
		32A7922728B9403300CC94FE /* Domain.framework */ = {isa = PBXFileReference; explicitFileType = wrapper.framework; includeInIndex = 0; path = Domain.framework; sourceTree = BUILT_PRODUCTS_DIR; };
		32A7922A28B9403300CC94FE /* Domain.h */ = {isa = PBXFileReference; lastKnownFileType = sourcecode.c.h; path = Domain.h; sourceTree = "<group>"; };
		32A7922B28B9403300CC94FE /* Domain.docc */ = {isa = PBXFileReference; lastKnownFileType = folder.documentationcatalog; path = Domain.docc; sourceTree = "<group>"; };
		32A7923128B9403300CC94FE /* DomainTests.xctest */ = {isa = PBXFileReference; explicitFileType = wrapper.cfbundle; includeInIndex = 0; path = DomainTests.xctest; sourceTree = BUILT_PRODUCTS_DIR; };
		32A7923628B9403300CC94FE /* DomainTests.swift */ = {isa = PBXFileReference; lastKnownFileType = sourcecode.swift; path = DomainTests.swift; sourceTree = "<group>"; };
		32A7925028B9408F00CC94FE /* AuthInput.swift */ = {isa = PBXFileReference; lastKnownFileType = sourcecode.swift; path = AuthInput.swift; sourceTree = "<group>"; };
		32A7925628B9429200CC94FE /* AuthLoginUseCase.swift */ = {isa = PBXFileReference; lastKnownFileType = sourcecode.swift; path = AuthLoginUseCase.swift; sourceTree = "<group>"; };
		32A7925928B942A100CC94FE /* BaseUseCase.swift */ = {isa = PBXFileReference; lastKnownFileType = sourcecode.swift; path = BaseUseCase.swift; sourceTree = "<group>"; };
		32A7925B28B942EC00CC94FE /* BaseAsyncThrowsUseCase.swift */ = {isa = PBXFileReference; lastKnownFileType = sourcecode.swift; path = BaseAsyncThrowsUseCase.swift; sourceTree = "<group>"; };
		32A7925D28B9430C00CC94FE /* BaseObserveUseCase.swift */ = {isa = PBXFileReference; lastKnownFileType = sourcecode.swift; path = BaseObserveUseCase.swift; sourceTree = "<group>"; };
		32A7926828B9438B00CC94FE /* AuthRepoProtocol.swift */ = {isa = PBXFileReference; lastKnownFileType = sourcecode.swift; path = AuthRepoProtocol.swift; sourceTree = "<group>"; };
		32A7926F28B9447B00CC94FE /* AuthRegisterUseCase.swift */ = {isa = PBXFileReference; lastKnownFileType = sourcecode.swift; path = AuthRegisterUseCase.swift; sourceTree = "<group>"; };
		32A7929F28B9455B00CC94FE /* DomainAssembly.swift */ = {isa = PBXFileReference; lastKnownFileType = sourcecode.swift; path = DomainAssembly.swift; sourceTree = "<group>"; };
		32A792D628BA12BA00CC94FE /* UIError.swift */ = {isa = PBXFileReference; fileEncoding = 4; lastKnownFileType = sourcecode.swift; path = UIError.swift; sourceTree = "<group>"; };
		32A792EA28BA208800CC94FE /* AuthIsLoggedInUseCase.swift */ = {isa = PBXFileReference; lastKnownFileType = sourcecode.swift; path = AuthIsLoggedInUseCase.swift; sourceTree = "<group>"; };
		32A792EC28BA22D100CC94FE /* AuthLogoutUseCase.swift */ = {isa = PBXFileReference; lastKnownFileType = sourcecode.swift; path = AuthLogoutUseCase.swift; sourceTree = "<group>"; };
		32A792EE28BA23B000CC94FE /* BaseThrowsUseCase.swift */ = {isa = PBXFileReference; lastKnownFileType = sourcecode.swift; path = BaseThrowsUseCase.swift; sourceTree = "<group>"; };
		32E0F13028CFAF0A00C8986A /* CommentEntity.swift */ = {isa = PBXFileReference; lastKnownFileType = sourcecode.swift; path = CommentEntity.swift; sourceTree = "<group>"; };
		32FADE0B28BD49DC00A3FD5D /* FirstOpeningEntity.swift */ = {isa = PBXFileReference; lastKnownFileType = sourcecode.swift; path = FirstOpeningEntity.swift; sourceTree = "<group>"; };
		32FADE0D28BD4BB100A3FD5D /* AuthGetFirstOpeningDateUseCase.swift */ = {isa = PBXFileReference; lastKnownFileType = sourcecode.swift; path = AuthGetFirstOpeningDateUseCase.swift; sourceTree = "<group>"; };
		32FADE0F28BD4C1E00A3FD5D /* AuthSetFirstOpeningDateUseCase.swift */ = {isa = PBXFileReference; lastKnownFileType = sourcecode.swift; path = AuthSetFirstOpeningDateUseCase.swift; sourceTree = "<group>"; };
		32FADE4428C13AFD00A3FD5D /* TopStoryEntity.swift */ = {isa = PBXFileReference; lastKnownFileType = sourcecode.swift; path = TopStoryEntity.swift; sourceTree = "<group>"; };
		32FADE4828C140B200A3FD5D /* TopStoriesRepoProtocol.swift */ = {isa = PBXFileReference; lastKnownFileType = sourcecode.swift; path = TopStoriesRepoProtocol.swift; sourceTree = "<group>"; };
		32FADE4B28C141D600A3FD5D /* SyncTopStoriesUseCase.swift */ = {isa = PBXFileReference; lastKnownFileType = sourcecode.swift; path = SyncTopStoriesUseCase.swift; sourceTree = "<group>"; };
		32FADE4D28C1422600A3FD5D /* ObserveTopStoriesUseCase.swift */ = {isa = PBXFileReference; lastKnownFileType = sourcecode.swift; path = ObserveTopStoriesUseCase.swift; sourceTree = "<group>"; };
/* End PBXFileReference section */

/* Begin PBXFrameworksBuildPhase section */
		32A7922428B9403300CC94FE /* Frameworks */ = {
			isa = PBXFrameworksBuildPhase;
			buildActionMask = 2147483647;
			files = (
				32A792A328B9457400CC94FE /* Swinject in Frameworks */,
			);
			runOnlyForDeploymentPostprocessing = 0;
		};
		32A7922E28B9403300CC94FE /* Frameworks */ = {
			isa = PBXFrameworksBuildPhase;
			buildActionMask = 2147483647;
			files = (
				32A7923228B9403300CC94FE /* Domain.framework in Frameworks */,
			);
			runOnlyForDeploymentPostprocessing = 0;
		};
/* End PBXFrameworksBuildPhase section */

/* Begin PBXGroup section */
		32143B7528D78A5800B04819 /* SearchArticle */ = {
			isa = PBXGroup;
			children = (
				32143B7628D78A6900B04819 /* SearchArticleUseCase.swift */,
			);
			path = SearchArticle;
			sourceTree = "<group>";
		};
		3220D3F528CD380100DB4A9E /* MostPopular */ = {
			isa = PBXGroup;
			children = (
				3220D3F628CD381700DB4A9E /* SyncMostPopularUseCase.swift */,
				3220D3F828CD382300DB4A9E /* ObserveMostPopularUseCase.swift */,
			);
			path = MostPopular;
			sourceTree = "<group>";
		};
		32549CE628D8DEA000EF00AB /* Comment */ = {
			isa = PBXGroup;
			children = (
				32549CE728D8DEB400EF00AB /* GetCommentsUseCase.swift */,
				32549CE928D8DF2100EF00AB /* DeleteCommentUseCase.swift */,
				32549CEB28D8DF7600EF00AB /* SubmitCommentUseCase.swift */,
			);
			path = Comment;
			sourceTree = "<group>";
		};
		32549D0A28DA169A00EF00AB /* Like */ = {
			isa = PBXGroup;
			children = (
				32549D0B28DA16BF00EF00AB /* GetLikesUseCase.swift */,
				32549D0D28DA16CA00EF00AB /* DeleteLikeUseCase.swift */,
				32549D0F28DA1C5E00EF00AB /* SubmitLikeUseCase.swift */,
			);
			path = Like;
			sourceTree = "<group>";
		};
		32A7921D28B9403300CC94FE = {
			isa = PBXGroup;
			children = (
				32A7922928B9403300CC94FE /* Domain */,
				32A7923528B9403300CC94FE /* DomainTests */,
				32A7922828B9403300CC94FE /* Products */,
			);
			sourceTree = "<group>";
		};
		32A7922828B9403300CC94FE /* Products */ = {
			isa = PBXGroup;
			children = (
				32A7922728B9403300CC94FE /* Domain.framework */,
				32A7923128B9403300CC94FE /* DomainTests.xctest */,
			);
			name = Products;
			sourceTree = "<group>";
		};
		32A7922928B9403300CC94FE /* Domain */ = {
			isa = PBXGroup;
			children = (
				32A7929E28B9455400CC94FE /* DI */,
				32A792D528BA12AE00CC94FE /* Tools */,
				32A7924E28B9406900CC94FE /* Models */,
				32A7924D28B9406000CC94FE /* RepoProtocols */,
				32A7924C28B9405100CC94FE /* UseCases */,
				32A7922A28B9403300CC94FE /* Domain.h */,
				32A7922B28B9403300CC94FE /* Domain.docc */,
			);
			path = Domain;
			sourceTree = "<group>";
		};
		32A7923528B9403300CC94FE /* DomainTests */ = {
			isa = PBXGroup;
			children = (
				32A7923628B9403300CC94FE /* DomainTests.swift */,
			);
			path = DomainTests;
			sourceTree = "<group>";
		};
		32A7924C28B9405100CC94FE /* UseCases */ = {
			isa = PBXGroup;
			children = (
				32549D0A28DA169A00EF00AB /* Like */,
				32549CE628D8DEA000EF00AB /* Comment */,
				32143B7528D78A5800B04819 /* SearchArticle */,
				3220D3F528CD380100DB4A9E /* MostPopular */,
				32FADE4A28C141C700A3FD5D /* TopStories */,
				32A7925828B9429900CC94FE /* Base */,
				32A7925428B9427C00CC94FE /* Auth */,
			);
			path = UseCases;
			sourceTree = "<group>";
		};
		32A7924D28B9406000CC94FE /* RepoProtocols */ = {
			isa = PBXGroup;
			children = (
				32A7926828B9438B00CC94FE /* AuthRepoProtocol.swift */,
				32FADE4828C140B200A3FD5D /* TopStoriesRepoProtocol.swift */,
				3220D3EC28CD340B00DB4A9E /* MostPopularRepoProtocol.swift */,
				3225E94028CFC2C400747B5E /* CommentRepoProtocol.swift */,
				32549D0628DA149200EF00AB /* LikeRepoProtocol.swift */,
				32143B7128D787A200B04819 /* SearchArticleRepoProtocol.swift */,
			);
			path = RepoProtocols;
			sourceTree = "<group>";
		};
		32A7924E28B9406900CC94FE /* Models */ = {
			isa = PBXGroup;
			children = (
				32A7925328B9410600CC94FE /* Inputs */,
				32A7925228B940FF00CC94FE /* Entities */,
			);
			path = Models;
			sourceTree = "<group>";
		};
		32A7925228B940FF00CC94FE /* Entities */ = {
			isa = PBXGroup;
			children = (
				32FADE0B28BD49DC00A3FD5D /* FirstOpeningEntity.swift */,
				3220D3E328CD307200DB4A9E /* PublishDateEntity.swift */,
				32FADE4428C13AFD00A3FD5D /* TopStoryEntity.swift */,
				3220D3E128CD301A00DB4A9E /* MostPopularEntity.swift */,
				32E0F13028CFAF0A00C8986A /* CommentEntity.swift */,
				32549D0228DA127000EF00AB /* LikeEntity.swift */,
				32143B6F28D781D900B04819 /* SearchArticleEntity.swift */,
			);
			path = Entities;
			sourceTree = "<group>";
		};
		32A7925328B9410600CC94FE /* Inputs */ = {
			isa = PBXGroup;
			children = (
				32A7925028B9408F00CC94FE /* AuthInput.swift */,
				321F947528CCE1C2000757F4 /* TopStoriesInput.swift */,
				3225E94928CFC3A800747B5E /* CommentInput.swift */,
				32549D0828DA14C800EF00AB /* LikeInput.swift */,
			);
			path = Inputs;
			sourceTree = "<group>";
		};
		32A7925428B9427C00CC94FE /* Auth */ = {
			isa = PBXGroup;
			children = (
				32A7925628B9429200CC94FE /* AuthLoginUseCase.swift */,
				32A7926F28B9447B00CC94FE /* AuthRegisterUseCase.swift */,
				32A792EA28BA208800CC94FE /* AuthIsLoggedInUseCase.swift */,
				32A792EC28BA22D100CC94FE /* AuthLogoutUseCase.swift */,
				32FADE0D28BD4BB100A3FD5D /* AuthGetFirstOpeningDateUseCase.swift */,
				32FADE0F28BD4C1E00A3FD5D /* AuthSetFirstOpeningDateUseCase.swift */,
				3234991028DF1F1B00AE33F2 /* AuthGetUserEmailUseCase.swift */,
			);
			path = Auth;
			sourceTree = "<group>";
		};
		32A7925828B9429900CC94FE /* Base */ = {
			isa = PBXGroup;
			children = (
				32A7925928B942A100CC94FE /* BaseUseCase.swift */,
				32A7925D28B9430C00CC94FE /* BaseObserveUseCase.swift */,
				32A7925B28B942EC00CC94FE /* BaseAsyncThrowsUseCase.swift */,
				32A792EE28BA23B000CC94FE /* BaseThrowsUseCase.swift */,
			);
			path = Base;
			sourceTree = "<group>";
		};
		32A7929E28B9455400CC94FE /* DI */ = {
			isa = PBXGroup;
			children = (
				32A7929F28B9455B00CC94FE /* DomainAssembly.swift */,
			);
			path = DI;
			sourceTree = "<group>";
		};
		32A792D528BA12AE00CC94FE /* Tools */ = {
			isa = PBXGroup;
			children = (
				32A792D628BA12BA00CC94FE /* UIError.swift */,
				321F947F28CCEF16000757F4 /* Array+Extension.swift */,
			);
			path = Tools;
			sourceTree = "<group>";
		};
		32FADE4A28C141C700A3FD5D /* TopStories */ = {
			isa = PBXGroup;
			children = (
				32FADE4B28C141D600A3FD5D /* SyncTopStoriesUseCase.swift */,
				32FADE4D28C1422600A3FD5D /* ObserveTopStoriesUseCase.swift */,
				321F947728CCE76F000757F4 /* GetTopStoriesUseCase.swift */,
			);
			path = TopStories;
			sourceTree = "<group>";
		};
/* End PBXGroup section */

/* Begin PBXHeadersBuildPhase section */
		32A7922228B9403300CC94FE /* Headers */ = {
			isa = PBXHeadersBuildPhase;
			buildActionMask = 2147483647;
			files = (
				32A7923828B9403300CC94FE /* Domain.h in Headers */,
			);
			runOnlyForDeploymentPostprocessing = 0;
		};
/* End PBXHeadersBuildPhase section */

/* Begin PBXNativeTarget section */
		32A7922628B9403300CC94FE /* Domain */ = {
			isa = PBXNativeTarget;
			buildConfigurationList = 32A7923B28B9403300CC94FE /* Build configuration list for PBXNativeTarget "Domain" */;
			buildPhases = (
				32A7922228B9403300CC94FE /* Headers */,
				32A7922328B9403300CC94FE /* Sources */,
				32A7922428B9403300CC94FE /* Frameworks */,
				32A7922528B9403300CC94FE /* Resources */,
			);
			buildRules = (
			);
			dependencies = (
			);
			name = Domain;
			packageProductDependencies = (
				32A792A228B9457400CC94FE /* Swinject */,
			);
			productName = Domain;
			productReference = 32A7922728B9403300CC94FE /* Domain.framework */;
			productType = "com.apple.product-type.framework";
		};
		32A7923028B9403300CC94FE /* DomainTests */ = {
			isa = PBXNativeTarget;
			buildConfigurationList = 32A7923E28B9403300CC94FE /* Build configuration list for PBXNativeTarget "DomainTests" */;
			buildPhases = (
				32A7922D28B9403300CC94FE /* Sources */,
				32A7922E28B9403300CC94FE /* Frameworks */,
				32A7922F28B9403300CC94FE /* Resources */,
			);
			buildRules = (
			);
			dependencies = (
				32A7923428B9403300CC94FE /* PBXTargetDependency */,
			);
			name = DomainTests;
			productName = DomainTests;
			productReference = 32A7923128B9403300CC94FE /* DomainTests.xctest */;
			productType = "com.apple.product-type.bundle.unit-test";
		};
/* End PBXNativeTarget section */

/* Begin PBXProject section */
		32A7921E28B9403300CC94FE /* Project object */ = {
			isa = PBXProject;
			attributes = {
				BuildIndependentTargetsInParallel = 1;
				LastSwiftUpdateCheck = 1340;
				LastUpgradeCheck = 1340;
				TargetAttributes = {
					32A7922628B9403300CC94FE = {
						CreatedOnToolsVersion = 13.4.1;
					};
					32A7923028B9403300CC94FE = {
						CreatedOnToolsVersion = 13.4.1;
					};
				};
			};
			buildConfigurationList = 32A7922128B9403300CC94FE /* Build configuration list for PBXProject "Domain" */;
			compatibilityVersion = "Xcode 13.0";
			developmentRegion = en;
			hasScannedForEncodings = 0;
			knownRegions = (
				en,
				Base,
			);
			mainGroup = 32A7921D28B9403300CC94FE;
			packageReferences = (
				32A792A128B9457400CC94FE /* XCRemoteSwiftPackageReference "Swinject" */,
			);
			productRefGroup = 32A7922828B9403300CC94FE /* Products */;
			projectDirPath = "";
			projectRoot = "";
			targets = (
				32A7922628B9403300CC94FE /* Domain */,
				32A7923028B9403300CC94FE /* DomainTests */,
			);
		};
/* End PBXProject section */

/* Begin PBXResourcesBuildPhase section */
		32A7922528B9403300CC94FE /* Resources */ = {
			isa = PBXResourcesBuildPhase;
			buildActionMask = 2147483647;
			files = (
			);
			runOnlyForDeploymentPostprocessing = 0;
		};
		32A7922F28B9403300CC94FE /* Resources */ = {
			isa = PBXResourcesBuildPhase;
			buildActionMask = 2147483647;
			files = (
			);
			runOnlyForDeploymentPostprocessing = 0;
		};
/* End PBXResourcesBuildPhase section */

/* Begin PBXSourcesBuildPhase section */
		32A7922328B9403300CC94FE /* Sources */ = {
			isa = PBXSourcesBuildPhase;
			buildActionMask = 2147483647;
			files = (
				32E0F13128CFAF0A00C8986A /* CommentEntity.swift in Sources */,
				32549D1028DA1C5E00EF00AB /* SubmitLikeUseCase.swift in Sources */,
				3234991128DF1F1B00AE33F2 /* AuthGetUserEmailUseCase.swift in Sources */,
				32A7925A28B942A100CC94FE /* BaseUseCase.swift in Sources */,
				32A792A028B9455B00CC94FE /* DomainAssembly.swift in Sources */,
				32A792D728BA12BA00CC94FE /* UIError.swift in Sources */,
				32549D0728DA149200EF00AB /* LikeRepoProtocol.swift in Sources */,
				3220D3F728CD381700DB4A9E /* SyncMostPopularUseCase.swift in Sources */,
				32A7926928B9438B00CC94FE /* AuthRepoProtocol.swift in Sources */,
				32A792EB28BA208800CC94FE /* AuthIsLoggedInUseCase.swift in Sources */,
				32A7922C28B9403300CC94FE /* Domain.docc in Sources */,
				3220D3F928CD382300DB4A9E /* ObserveMostPopularUseCase.swift in Sources */,
				32FADE4C28C141D600A3FD5D /* SyncTopStoriesUseCase.swift in Sources */,
				32A7925128B9408F00CC94FE /* AuthInput.swift in Sources */,
				32143B7028D781D900B04819 /* SearchArticleEntity.swift in Sources */,
				32FADE4528C13AFD00A3FD5D /* TopStoryEntity.swift in Sources */,
				32549CE828D8DEB400EF00AB /* GetCommentsUseCase.swift in Sources */,
				3220D3E428CD307200DB4A9E /* PublishDateEntity.swift in Sources */,
				321F947828CCE76F000757F4 /* GetTopStoriesUseCase.swift in Sources */,
				32549D0E28DA16CA00EF00AB /* DeleteLikeUseCase.swift in Sources */,
				32A7927028B9447B00CC94FE /* AuthRegisterUseCase.swift in Sources */,
				3225E94A28CFC3A800747B5E /* CommentInput.swift in Sources */,
				32FADE4928C140B200A3FD5D /* TopStoriesRepoProtocol.swift in Sources */,
				32549D0328DA127000EF00AB /* LikeEntity.swift in Sources */,
				32FADE0C28BD49DC00A3FD5D /* FirstOpeningEntity.swift in Sources */,
				32FADE0E28BD4BB100A3FD5D /* AuthGetFirstOpeningDateUseCase.swift in Sources */,
				3220D3E228CD301A00DB4A9E /* MostPopularEntity.swift in Sources */,
				321F948028CCEF16000757F4 /* Array+Extension.swift in Sources */,
				321F947628CCE1C2000757F4 /* TopStoriesInput.swift in Sources */,
				32549CEA28D8DF2100EF00AB /* DeleteCommentUseCase.swift in Sources */,
				32549D0C28DA16BF00EF00AB /* GetLikesUseCase.swift in Sources */,
				32A7925728B9429200CC94FE /* AuthLoginUseCase.swift in Sources */,
				3220D3ED28CD340B00DB4A9E /* MostPopularRepoProtocol.swift in Sources */,
				32143B7228D787A200B04819 /* SearchArticleRepoProtocol.swift in Sources */,
				32A7925C28B942EC00CC94FE /* BaseAsyncThrowsUseCase.swift in Sources */,
				32FADE1028BD4C1E00A3FD5D /* AuthSetFirstOpeningDateUseCase.swift in Sources */,
				32143B7728D78A6900B04819 /* SearchArticleUseCase.swift in Sources */,
				32FADE4E28C1422600A3FD5D /* ObserveTopStoriesUseCase.swift in Sources */,
				32549CEC28D8DF7600EF00AB /* SubmitCommentUseCase.swift in Sources */,
				3225E94128CFC2C400747B5E /* CommentRepoProtocol.swift in Sources */,
				32A7925E28B9430C00CC94FE /* BaseObserveUseCase.swift in Sources */,
				32A792EF28BA23B000CC94FE /* BaseThrowsUseCase.swift in Sources */,
				32A792ED28BA22D100CC94FE /* AuthLogoutUseCase.swift in Sources */,
				32549D0928DA14C800EF00AB /* LikeInput.swift in Sources */,
			);
			runOnlyForDeploymentPostprocessing = 0;
		};
		32A7922D28B9403300CC94FE /* Sources */ = {
			isa = PBXSourcesBuildPhase;
			buildActionMask = 2147483647;
			files = (
				32A7923728B9403300CC94FE /* DomainTests.swift in Sources */,
			);
			runOnlyForDeploymentPostprocessing = 0;
		};
/* End PBXSourcesBuildPhase section */

/* Begin PBXTargetDependency section */
		32A7923428B9403300CC94FE /* PBXTargetDependency */ = {
			isa = PBXTargetDependency;
			target = 32A7922628B9403300CC94FE /* Domain */;
			targetProxy = 32A7923328B9403300CC94FE /* PBXContainerItemProxy */;
		};
/* End PBXTargetDependency section */

/* Begin XCBuildConfiguration section */
		32A7923928B9403300CC94FE /* Debug */ = {
			isa = XCBuildConfiguration;
			buildSettings = {
				ALWAYS_SEARCH_USER_PATHS = NO;
				CLANG_ANALYZER_NONNULL = YES;
				CLANG_ANALYZER_NUMBER_OBJECT_CONVERSION = YES_AGGRESSIVE;
				CLANG_CXX_LANGUAGE_STANDARD = "gnu++17";
				CLANG_ENABLE_MODULES = YES;
				CLANG_ENABLE_OBJC_ARC = YES;
				CLANG_ENABLE_OBJC_WEAK = YES;
				CLANG_WARN_BLOCK_CAPTURE_AUTORELEASING = YES;
				CLANG_WARN_BOOL_CONVERSION = YES;
				CLANG_WARN_COMMA = YES;
				CLANG_WARN_CONSTANT_CONVERSION = YES;
				CLANG_WARN_DEPRECATED_OBJC_IMPLEMENTATIONS = YES;
				CLANG_WARN_DIRECT_OBJC_ISA_USAGE = YES_ERROR;
				CLANG_WARN_DOCUMENTATION_COMMENTS = YES;
				CLANG_WARN_EMPTY_BODY = YES;
				CLANG_WARN_ENUM_CONVERSION = YES;
				CLANG_WARN_INFINITE_RECURSION = YES;
				CLANG_WARN_INT_CONVERSION = YES;
				CLANG_WARN_NON_LITERAL_NULL_CONVERSION = YES;
				CLANG_WARN_OBJC_IMPLICIT_RETAIN_SELF = YES;
				CLANG_WARN_OBJC_LITERAL_CONVERSION = YES;
				CLANG_WARN_OBJC_ROOT_CLASS = YES_ERROR;
				CLANG_WARN_QUOTED_INCLUDE_IN_FRAMEWORK_HEADER = YES;
				CLANG_WARN_RANGE_LOOP_ANALYSIS = YES;
				CLANG_WARN_STRICT_PROTOTYPES = YES;
				CLANG_WARN_SUSPICIOUS_MOVE = YES;
				CLANG_WARN_UNGUARDED_AVAILABILITY = YES_AGGRESSIVE;
				CLANG_WARN_UNREACHABLE_CODE = YES;
				CLANG_WARN__DUPLICATE_METHOD_MATCH = YES;
				COPY_PHASE_STRIP = NO;
				CURRENT_PROJECT_VERSION = 1;
				DEBUG_INFORMATION_FORMAT = dwarf;
				ENABLE_STRICT_OBJC_MSGSEND = YES;
				ENABLE_TESTABILITY = YES;
				GCC_C_LANGUAGE_STANDARD = gnu11;
				GCC_DYNAMIC_NO_PIC = NO;
				GCC_NO_COMMON_BLOCKS = YES;
				GCC_OPTIMIZATION_LEVEL = 0;
				GCC_PREPROCESSOR_DEFINITIONS = (
					"DEBUG=1",
					"$(inherited)",
				);
				GCC_WARN_64_TO_32_BIT_CONVERSION = YES;
				GCC_WARN_ABOUT_RETURN_TYPE = YES_ERROR;
				GCC_WARN_UNDECLARED_SELECTOR = YES;
				GCC_WARN_UNINITIALIZED_AUTOS = YES_AGGRESSIVE;
				GCC_WARN_UNUSED_FUNCTION = YES;
				GCC_WARN_UNUSED_VARIABLE = YES;
				IPHONEOS_DEPLOYMENT_TARGET = 13.0;
				MTL_ENABLE_DEBUG_INFO = INCLUDE_SOURCE;
				MTL_FAST_MATH = YES;
				ONLY_ACTIVE_ARCH = YES;
				SDKROOT = iphoneos;
				SWIFT_ACTIVE_COMPILATION_CONDITIONS = DEBUG;
				SWIFT_OPTIMIZATION_LEVEL = "-Onone";
				VERSIONING_SYSTEM = "apple-generic";
				VERSION_INFO_PREFIX = "";
			};
			name = Debug;
		};
		32A7923A28B9403300CC94FE /* Release */ = {
			isa = XCBuildConfiguration;
			buildSettings = {
				ALWAYS_SEARCH_USER_PATHS = NO;
				CLANG_ANALYZER_NONNULL = YES;
				CLANG_ANALYZER_NUMBER_OBJECT_CONVERSION = YES_AGGRESSIVE;
				CLANG_CXX_LANGUAGE_STANDARD = "gnu++17";
				CLANG_ENABLE_MODULES = YES;
				CLANG_ENABLE_OBJC_ARC = YES;
				CLANG_ENABLE_OBJC_WEAK = YES;
				CLANG_WARN_BLOCK_CAPTURE_AUTORELEASING = YES;
				CLANG_WARN_BOOL_CONVERSION = YES;
				CLANG_WARN_COMMA = YES;
				CLANG_WARN_CONSTANT_CONVERSION = YES;
				CLANG_WARN_DEPRECATED_OBJC_IMPLEMENTATIONS = YES;
				CLANG_WARN_DIRECT_OBJC_ISA_USAGE = YES_ERROR;
				CLANG_WARN_DOCUMENTATION_COMMENTS = YES;
				CLANG_WARN_EMPTY_BODY = YES;
				CLANG_WARN_ENUM_CONVERSION = YES;
				CLANG_WARN_INFINITE_RECURSION = YES;
				CLANG_WARN_INT_CONVERSION = YES;
				CLANG_WARN_NON_LITERAL_NULL_CONVERSION = YES;
				CLANG_WARN_OBJC_IMPLICIT_RETAIN_SELF = YES;
				CLANG_WARN_OBJC_LITERAL_CONVERSION = YES;
				CLANG_WARN_OBJC_ROOT_CLASS = YES_ERROR;
				CLANG_WARN_QUOTED_INCLUDE_IN_FRAMEWORK_HEADER = YES;
				CLANG_WARN_RANGE_LOOP_ANALYSIS = YES;
				CLANG_WARN_STRICT_PROTOTYPES = YES;
				CLANG_WARN_SUSPICIOUS_MOVE = YES;
				CLANG_WARN_UNGUARDED_AVAILABILITY = YES_AGGRESSIVE;
				CLANG_WARN_UNREACHABLE_CODE = YES;
				CLANG_WARN__DUPLICATE_METHOD_MATCH = YES;
				COPY_PHASE_STRIP = NO;
				CURRENT_PROJECT_VERSION = 1;
				DEBUG_INFORMATION_FORMAT = "dwarf-with-dsym";
				ENABLE_NS_ASSERTIONS = NO;
				ENABLE_STRICT_OBJC_MSGSEND = YES;
				GCC_C_LANGUAGE_STANDARD = gnu11;
				GCC_NO_COMMON_BLOCKS = YES;
				GCC_WARN_64_TO_32_BIT_CONVERSION = YES;
				GCC_WARN_ABOUT_RETURN_TYPE = YES_ERROR;
				GCC_WARN_UNDECLARED_SELECTOR = YES;
				GCC_WARN_UNINITIALIZED_AUTOS = YES_AGGRESSIVE;
				GCC_WARN_UNUSED_FUNCTION = YES;
				GCC_WARN_UNUSED_VARIABLE = YES;
				IPHONEOS_DEPLOYMENT_TARGET = 13.0;
				MTL_ENABLE_DEBUG_INFO = NO;
				MTL_FAST_MATH = YES;
				SDKROOT = iphoneos;
				SWIFT_COMPILATION_MODE = wholemodule;
				SWIFT_OPTIMIZATION_LEVEL = "-O";
				VALIDATE_PRODUCT = YES;
				VERSIONING_SYSTEM = "apple-generic";
				VERSION_INFO_PREFIX = "";
			};
			name = Release;
		};
		32A7923C28B9403300CC94FE /* Debug */ = {
			isa = XCBuildConfiguration;
			buildSettings = {
				CODE_SIGN_IDENTITY = "Apple Development";
				CODE_SIGN_STYLE = Automatic;
				CURRENT_PROJECT_VERSION = 1;
				DEFINES_MODULE = YES;
				DEVELOPMENT_TEAM = 8B4Z6L9SV7;
				DYLIB_COMPATIBILITY_VERSION = 1;
				DYLIB_CURRENT_VERSION = 1;
				DYLIB_INSTALL_NAME_BASE = "@rpath";
				GENERATE_INFOPLIST_FILE = YES;
				INFOPLIST_KEY_NSHumanReadableCopyright = "";
				INSTALL_PATH = "$(LOCAL_LIBRARY_DIR)/Frameworks";
				IPHONEOS_DEPLOYMENT_TARGET = 13.0;
				LD_RUNPATH_SEARCH_PATHS = (
					"$(inherited)",
					"@executable_path/Frameworks",
					"@loader_path/Frameworks",
				);
				MARKETING_VERSION = 1.0;
				PRODUCT_BUNDLE_IDENTIFIER = is.rza.Domain;
				PRODUCT_NAME = "$(TARGET_NAME:c99extidentifier)";
				SKIP_INSTALL = YES;
				SUPPORTED_PLATFORMS = "iphoneos iphonesimulator";
				SUPPORTS_MACCATALYST = NO;
				SUPPORTS_MAC_DESIGNED_FOR_IPHONE_IPAD = NO;
				SWIFT_EMIT_LOC_STRINGS = YES;
				SWIFT_VERSION = 5.0;
				TARGETED_DEVICE_FAMILY = "1,2";
			};
			name = Debug;
		};
		32A7923D28B9403300CC94FE /* Release */ = {
			isa = XCBuildConfiguration;
			buildSettings = {
				CODE_SIGN_IDENTITY = "Apple Development";
				CODE_SIGN_STYLE = Automatic;
				CURRENT_PROJECT_VERSION = 1;
				DEFINES_MODULE = YES;
				DEVELOPMENT_TEAM = 8B4Z6L9SV7;
				DYLIB_COMPATIBILITY_VERSION = 1;
				DYLIB_CURRENT_VERSION = 1;
				DYLIB_INSTALL_NAME_BASE = "@rpath";
				GENERATE_INFOPLIST_FILE = YES;
				INFOPLIST_KEY_NSHumanReadableCopyright = "";
				INSTALL_PATH = "$(LOCAL_LIBRARY_DIR)/Frameworks";
				IPHONEOS_DEPLOYMENT_TARGET = 13.0;
				LD_RUNPATH_SEARCH_PATHS = (
					"$(inherited)",
					"@executable_path/Frameworks",
					"@loader_path/Frameworks",
				);
				MARKETING_VERSION = 1.0;
				PRODUCT_BUNDLE_IDENTIFIER = is.rza.Domain;
				PRODUCT_NAME = "$(TARGET_NAME:c99extidentifier)";
				SKIP_INSTALL = YES;
				SUPPORTED_PLATFORMS = "iphoneos iphonesimulator";
				SUPPORTS_MACCATALYST = NO;
				SUPPORTS_MAC_DESIGNED_FOR_IPHONE_IPAD = NO;
				SWIFT_EMIT_LOC_STRINGS = YES;
				SWIFT_VERSION = 5.0;
				TARGETED_DEVICE_FAMILY = "1,2";
			};
			name = Release;
		};
		32A7923F28B9403300CC94FE /* Debug */ = {
			isa = XCBuildConfiguration;
			buildSettings = {
				ALWAYS_EMBED_SWIFT_STANDARD_LIBRARIES = YES;
				CODE_SIGN_STYLE = Automatic;
				CURRENT_PROJECT_VERSION = 1;
				GENERATE_INFOPLIST_FILE = YES;
				MARKETING_VERSION = 1.0;
				PRODUCT_BUNDLE_IDENTIFIER = is.rza.DomainTests;
				PRODUCT_NAME = "$(TARGET_NAME)";
				SWIFT_EMIT_LOC_STRINGS = NO;
				SWIFT_VERSION = 5.0;
				TARGETED_DEVICE_FAMILY = "1,2";
			};
			name = Debug;
		};
		32A7924028B9403300CC94FE /* Release */ = {
			isa = XCBuildConfiguration;
			buildSettings = {
				ALWAYS_EMBED_SWIFT_STANDARD_LIBRARIES = YES;
				CODE_SIGN_STYLE = Automatic;
				CURRENT_PROJECT_VERSION = 1;
				GENERATE_INFOPLIST_FILE = YES;
				MARKETING_VERSION = 1.0;
				PRODUCT_BUNDLE_IDENTIFIER = is.rza.DomainTests;
				PRODUCT_NAME = "$(TARGET_NAME)";
				SWIFT_EMIT_LOC_STRINGS = NO;
				SWIFT_VERSION = 5.0;
				TARGETED_DEVICE_FAMILY = "1,2";
			};
			name = Release;
		};
/* End XCBuildConfiguration section */

/* Begin XCConfigurationList section */
		32A7922128B9403300CC94FE /* Build configuration list for PBXProject "Domain" */ = {
			isa = XCConfigurationList;
			buildConfigurations = (
				32A7923928B9403300CC94FE /* Debug */,
				32A7923A28B9403300CC94FE /* Release */,
			);
			defaultConfigurationIsVisible = 0;
			defaultConfigurationName = Release;
		};
		32A7923B28B9403300CC94FE /* Build configuration list for PBXNativeTarget "Domain" */ = {
			isa = XCConfigurationList;
			buildConfigurations = (
				32A7923C28B9403300CC94FE /* Debug */,
				32A7923D28B9403300CC94FE /* Release */,
			);
			defaultConfigurationIsVisible = 0;
			defaultConfigurationName = Release;
		};
		32A7923E28B9403300CC94FE /* Build configuration list for PBXNativeTarget "DomainTests" */ = {
			isa = XCConfigurationList;
			buildConfigurations = (
				32A7923F28B9403300CC94FE /* Debug */,
				32A7924028B9403300CC94FE /* Release */,
			);
			defaultConfigurationIsVisible = 0;
			defaultConfigurationName = Release;
		};
/* End XCConfigurationList section */

/* Begin XCRemoteSwiftPackageReference section */
		32A792A128B9457400CC94FE /* XCRemoteSwiftPackageReference "Swinject" */ = {
			isa = XCRemoteSwiftPackageReference;
			repositoryURL = "https://github.com/Swinject/Swinject";
			requirement = {
				kind = upToNextMajorVersion;
				minimumVersion = 2.0.0;
			};
		};
/* End XCRemoteSwiftPackageReference section */

/* Begin XCSwiftPackageProductDependency section */
		32A792A228B9457400CC94FE /* Swinject */ = {
			isa = XCSwiftPackageProductDependency;
			package = 32A792A128B9457400CC94FE /* XCRemoteSwiftPackageReference "Swinject" */;
			productName = Swinject;
		};
/* End XCSwiftPackageProductDependency section */
	};
	rootObject = 32A7921E28B9403300CC94FE /* Project object */;
}
